<?xml version="1.0" encoding="utf-8"?>
<Project ToolsVersion="15.0" xmlns="http://schemas.microsoft.com/developer/msbuild/2003">
  <ItemGroup>
    <Filter Include="Resources">
      <UniqueIdentifier>accd3aa8-1ba0-4223-9bbe-0c431709210b</UniqueIdentifier>
      <Extensions>rc;ico;cur;bmp;dlg;rc2;rct;bin;rgs;gif;jpg;jpeg;jpe;resx;tga;tiff;tif;png;wav;mfcribbon-ms</Extensions>
    </Filter>
    <Filter Include="Generated Files">
      <UniqueIdentifier>{926ab91d-31b4-48c3-b9a4-e681349f27f0}</UniqueIdentifier>
    </Filter>
    <Filter Include="External">
      <UniqueIdentifier>{b62be6ab-6a76-4a53-b8c2-333896f8fe3b}</UniqueIdentifier>
    </Filter>
    <Filter Include="Implementation">
      <UniqueIdentifier>{956cd5a4-2b69-42c3-863f-45bb68b8d13e}</UniqueIdentifier>
    </Filter>
  </ItemGroup>
  <ItemGroup>
    <ClCompile Include="pch.cpp" />
    <ClCompile Include="Implementation\Windows.Xbox.Achievements.AchievementNotifier.cpp">
      <Filter>Implementation</Filter>
    </ClCompile>
    <ClCompile Include="Implementation\Windows.Xbox.Input.BodyController.cpp">
      <Filter>Implementation</Filter>
    </ClCompile>
    <ClCompile Include="Implementation\Windows.Xbox.Input.BodyHandPair.cpp">
      <Filter>Implementation</Filter>
    </ClCompile>
    <ClCompile Include="Implementation\Windows.Xbox.Input.BrokeredInteractions.cpp">
      <Filter>Implementation</Filter>
    </ClCompile>
    <ClCompile Include="Implementation\Windows.Xbox.Input.Controller.cpp">
      <Filter>Implementation</Filter>
    </ClCompile>
    <ClCompile Include="Implementation\Windows.Xbox.Input.ControllerInputManager.cpp">
      <Filter>Implementation</Filter>
    </ClCompile>
    <ClCompile Include="Implementation\Windows.Xbox.Input.Gamepad.cpp">
      <Filter>Implementation</Filter>
    </ClCompile>
    <ClCompile Include="Implementation\Windows.Xbox.Input.InputManager.cpp">
      <Filter>Implementation</Filter>
    </ClCompile>
    <ClCompile Include="Implementation\Windows.Xbox.Input.InputManagerInternal.cpp">
      <Filter>Implementation</Filter>
    </ClCompile>
    <ClCompile Include="Implementation\Windows.Xbox.Input.NavigationController.cpp">
      <Filter>Implementation</Filter>
    </ClCompile>
    <ClCompile Include="Implementation\Windows.Xbox.System.Console.cpp">
      <Filter>Implementation</Filter>
    </ClCompile>
    <ClCompile Include="Implementation\Windows.Xbox.System.Console2.cpp">
      <Filter>Implementation</Filter>
    </ClCompile>
    <ClCompile Include="Implementation\Windows.Xbox.System.Launcher.cpp">
      <Filter>Implementation</Filter>
    </ClCompile>
    <ClCompile Include="Implementation\Windows.Xbox.System.User.cpp">
      <Filter>Implementation</Filter>
    </ClCompile>
    <ClCompile Include="Implementation\Windows.Xbox.Achievements.AchievementSource.cpp">
      <Filter>Implementation</Filter>
    </ClCompile>
    <ClCompile Include="Implementation\Windows.Xbox.Achievements.AchievementUnlockedEventArgs.cpp">
      <Filter>Implementation</Filter>
    </ClCompile>
    <ClCompile Include="Implementation\Windows.Xbox.ApplicationModel.State.Internal.AppInfo.cpp" />
    <ClCompile Include="Implementation\Windows.Xbox.ApplicationModel.State.Internal.AumidQuery.cpp" />
    <ClCompile Include="Implementation\Windows.Xbox.ApplicationModel.State.Internal.ContentCompatibility.cpp" />
    <ClCompile Include="Implementation\Windows.Xbox.ApplicationModel.State.Internal.ContentEnhancements.cpp" />
    <ClCompile Include="Implementation\Windows.Xbox.ApplicationModel.State.Internal.PackageFullNameQuery.cpp" />
    <ClCompile Include="Implementation\Windows.Xbox.ApplicationModel.State.Internal.PackageInfo.cpp" />
    <ClCompile Include="Implementation\Windows.Xbox.ApplicationModel.State.Internal.PackageInfoEvents.cpp" />
    <ClCompile Include="Implementation\Windows.Xbox.ApplicationModel.State.Internal.ProtocolQuery.cpp" />
    <ClCompile Include="Implementation\Windows.Xbox.ApplicationModel.Store.Configuration.cpp" />
    <ClCompile Include="Implementation\Windows.Xbox.ApplicationModel.Store.Product.cpp" />
    <ClCompile Include="Implementation\Windows.Xbox.Management.Deployment.ContentInstallationInfo.cpp" />
    <ClCompile Include="Implementation\Windows.Xbox.Management.Deployment.ContentInstallManager.cpp" />
    <ClCompile Include="Implementation\Windows.Xbox.Management.Deployment.ContentLocation.cpp" />
    <ClCompile Include="Implementation\Windows.Xbox.Management.Deployment.ContentMetadata.cpp" />
    <ClCompile Include="Implementation\Windows.Xbox.Management.Deployment.ContentMetadataPackager.cpp" />
    <ClCompile Include="Implementation\Windows.Xbox.Management.Deployment.DownloadableContentPackageManager.cpp" />
    <ClCompile Include="Implementation\Windows.Xbox.Management.Deployment.PackageTransferManager.cpp" />
    <ClCompile Include="Implementation\Windows.Xbox.Management.Deployment.PackageTransferWatcher.cpp" />
    <ClCompile Include="Implementation\Windows.Xbox.Management.Deployment.StreamingInstallQueue.cpp" />
    <ClCompile Include="Implementation\Windows.Xbox.Media.SmoothStreamingSessionManager.cpp" />
    <ClCompile Include="Implementation\Windows.Xbox.Media.SystemMediaTransportControls.cpp" />
    <ClCompile Include="Implementation\Windows.Xbox.Media.GameTransportControls.cpp" />
    <ClCompile Include="Implementation\Windows.Xbox.Media.GameTransportControlsButtonPressedEventArgs.cpp" />
    <ClCompile Include="Implementation\Windows.Xbox.Media.GameTransportControlsPropertyChangedEventArgs.cpp" />
    <ClCompile Include="Generated Files\module.g.cpp" />
    <ClCompile Include="Generated Files\Windows.Xbox.Achievements.AchievementNotifier.g.cpp" />
    <ClCompile Include="Generated Files\Windows.Xbox.Achievements.AchievementSource.g.cpp" />
    <ClCompile Include="Generated Files\Windows.Xbox.Achievements.AchievementUnlockedEventArgs.g.cpp" />
    <ClCompile Include="Generated Files\Windows.Xbox.ApplicationModel.State.Internal.AppInfo.g.cpp" />
    <ClCompile Include="Generated Files\Windows.Xbox.ApplicationModel.State.Internal.AumidQuery.g.cpp" />
    <ClCompile Include="Generated Files\Windows.Xbox.ApplicationModel.State.Internal.ContentCompatibility.g.cpp" />
    <ClCompile Include="Generated Files\Windows.Xbox.ApplicationModel.State.Internal.ContentEnhancements.g.cpp" />
    <ClCompile Include="Generated Files\Windows.Xbox.ApplicationModel.State.Internal.PackageFullNameQuery.g.cpp" />
    <ClCompile Include="Generated Files\Windows.Xbox.ApplicationModel.State.Internal.PackageInfo.g.cpp" />
    <ClCompile Include="Generated Files\Windows.Xbox.ApplicationModel.State.Internal.PackageInfoEvents.g.cpp" />
    <ClCompile Include="Generated Files\Windows.Xbox.ApplicationModel.State.Internal.ProtocolQuery.g.cpp" />
    <ClCompile Include="Generated Files\Windows.Xbox.ApplicationModel.Store.Configuration.g.cpp" />
    <ClCompile Include="Generated Files\Windows.Xbox.ApplicationModel.Store.Product.g.cpp" />
    <ClCompile Include="Generated Files\Windows.Xbox.ApplicationModel.Store.ProductPurchasedEventArgs.g.cpp" />
    <ClCompile Include="Generated Files\Windows.Xbox.Input.AssociatedControllerAddedEventArgs.g.cpp" />
    <ClCompile Include="Generated Files\Windows.Xbox.Input.AssociatedControllerRemovedEventArgs.g.cpp" />
    <ClCompile Include="Generated Files\Windows.Xbox.Input.BiometricUserChangedEventArgs.g.cpp" />
    <ClCompile Include="Generated Files\Windows.Xbox.Input.BodyController.g.cpp" />
    <ClCompile Include="Generated Files\Windows.Xbox.Input.BodyControllerAddedEventArgs.g.cpp" />
    <ClCompile Include="Generated Files\Windows.Xbox.Input.BodyControllerReading.g.cpp" />
    <ClCompile Include="Generated Files\Windows.Xbox.Input.BodyControllerReadingChangedEventArgs.g.cpp" />
    <ClCompile Include="Generated Files\Windows.Xbox.Input.BodyControllerRemovedEventArgs.g.cpp" />
    <ClCompile Include="Generated Files\Windows.Xbox.Input.BodyHandPair.g.cpp" />
    <ClCompile Include="Generated Files\Windows.Xbox.Input.BrokeredInteractions.g.cpp" />
    <ClCompile Include="Generated Files\Windows.Xbox.Input.Controller.g.cpp" />
    <ClCompile Include="Generated Files\Windows.Xbox.Input.ControllerAddedEventArgs.g.cpp" />
    <ClCompile Include="Generated Files\Windows.Xbox.Input.ControllerInputManager.g.cpp" />
    <ClCompile Include="Generated Files\Windows.Xbox.Input.ControllerOrderChangedEventArgs.g.cpp" />
    <ClCompile Include="Generated Files\Windows.Xbox.Input.ControllerPairingChangedEventArgs.g.cpp" />
    <ClCompile Include="Generated Files\Windows.Xbox.Input.ControllerRemovedEventArgs.g.cpp" />
    <ClCompile Include="Generated Files\Windows.Xbox.Input.Gamepad.g.cpp" />
    <ClCompile Include="Generated Files\Windows.Xbox.Input.GamepadAddedEventArgs.g.cpp" />
    <ClCompile Include="Generated Files\Windows.Xbox.Input.GamepadReading.g.cpp" />
    <ClCompile Include="Generated Files\Windows.Xbox.Input.GamepadReadingChangedEventArgs.g.cpp" />
    <ClCompile Include="Generated Files\Windows.Xbox.Input.GamepadRemovedEventArgs.g.cpp" />
    <ClCompile Include="Generated Files\Windows.Xbox.Input.InputManager.g.cpp" />
    <ClCompile Include="Generated Files\Windows.Xbox.Input.InputManagerInternal.g.cpp" />
    <ClCompile Include="Generated Files\Windows.Xbox.Input.IsKinectPersonEngagedChangedEventArgs.g.cpp" />
    <ClCompile Include="Generated Files\Windows.Xbox.Input.NavigationController.g.cpp" />
    <ClCompile Include="Generated Files\Windows.Xbox.Input.NavigationControllerAddedEventArgs.g.cpp" />
    <ClCompile Include="Generated Files\Windows.Xbox.Input.NavigationControllerRemovedEventArgs.g.cpp" />
    <ClCompile Include="Generated Files\Windows.Xbox.Input.NavigationReading.g.cpp" />
    <ClCompile Include="Generated Files\Windows.Xbox.Input.NavigationReadingChangedEventArgs.g.cpp" />
    <ClCompile Include="Generated Files\Windows.Xbox.Management.Deployment.CheckForUpdateResult.g.cpp" />
    <ClCompile Include="Generated Files\Windows.Xbox.Management.Deployment.ChunkCompletedEventArgs.g.cpp" />
    <ClCompile Include="Generated Files\Windows.Xbox.Management.Deployment.ChunkSpecifiers.g.cpp" />
    <ClCompile Include="Generated Files\Windows.Xbox.Management.Deployment.ContentInstallationInfo.g.cpp" />
    <ClCompile Include="Generated Files\Windows.Xbox.Management.Deployment.ContentInstallManager.g.cpp" />
    <ClCompile Include="Generated Files\Windows.Xbox.Management.Deployment.ContentLocation.g.cpp" />
    <ClCompile Include="Generated Files\Windows.Xbox.Management.Deployment.ContentMetadata.g.cpp" />
    <ClCompile Include="Generated Files\Windows.Xbox.Management.Deployment.ContentMetadataPackager.g.cpp" />
    <ClCompile Include="Generated Files\Windows.Xbox.Management.Deployment.DownloadableContentPackageManager.g.cpp" />
    <ClCompile Include="Generated Files\Windows.Xbox.Management.Deployment.FindInstallingPackagesResult.g.cpp" />
    <ClCompile Include="Generated Files\Windows.Xbox.Management.Deployment.PackageTransferManager.g.cpp" />
    <ClCompile Include="Generated Files\Windows.Xbox.Management.Deployment.PackageTransferWatcher.g.cpp" />
    <ClCompile Include="Generated Files\Windows.Xbox.Management.Deployment.ProgressChangedEventArgs.g.cpp" />
    <ClCompile Include="Generated Files\Windows.Xbox.Management.Deployment.RequestUpdatePackageResult.g.cpp" />
    <ClCompile Include="Generated Files\Windows.Xbox.Management.Deployment.StreamingInstallQueue.g.cpp" />
    <ClCompile Include="Generated Files\Windows.Xbox.Management.Deployment.TransferCompletedEventArgs.g.cpp" />
    <ClCompile Include="Generated Files\Windows.Xbox.Management.Deployment.TransferStatusChangedEventArgs.g.cpp" />
    <ClCompile Include="Generated Files\Windows.Xbox.Media.ConversationDisplayProperties.g.cpp" />
    <ClCompile Include="Generated Files\Windows.Xbox.Media.GameDisplayProperties.g.cpp" />
    <ClCompile Include="Generated Files\Windows.Xbox.Media.GameTransportControls.g.cpp" />
    <ClCompile Include="Generated Files\Windows.Xbox.Media.GameTransportControlsButtonPressedEventArgs.g.cpp" />
    <ClCompile Include="Generated Files\Windows.Xbox.Media.GameTransportControlsPropertyChangedEventArgs.g.cpp" />
    <ClCompile Include="Generated Files\Windows.Xbox.Media.ImageDisplayProperties.g.cpp" />
    <ClCompile Include="Generated Files\Windows.Xbox.Media.MusicDisplayProperties.g.cpp" />
    <ClCompile Include="Generated Files\Windows.Xbox.Media.SmoothStreamingSessionManager.g.cpp" />
    <ClCompile Include="Generated Files\Windows.Xbox.Media.SystemMediaTransportControls.g.cpp" />
    <ClCompile Include="Generated Files\Windows.Xbox.Media.SystemMediaTransportControlsButtonPressedEventArgs.g.cpp" />
    <ClCompile Include="Generated Files\Windows.Xbox.Media.SystemMediaTransportControlsDisplayUpdater.g.cpp" />
    <ClCompile Include="Generated Files\Windows.Xbox.Media.SystemMediaTransportControlsPropertyChangedEventArgs.g.cpp" />
    <ClCompile Include="Generated Files\Windows.Xbox.Media.VideoDisplayProperties.g.cpp" />
    <ClCompile Include="Generated Files\Windows.Xbox.System.AudioDeviceAddedEventArgs.g.cpp" />
    <ClCompile Include="Generated Files\Windows.Xbox.System.AudioDeviceChangedEventArgs.g.cpp" />
    <ClCompile Include="Generated Files\Windows.Xbox.System.AudioDeviceRemovedEventArgs.g.cpp" />
    <ClCompile Include="Generated Files\Windows.Xbox.System.Console.g.cpp" />
    <ClCompile Include="Generated Files\Windows.Xbox.System.Console2.g.cpp" />
    <ClCompile Include="Generated Files\Windows.Xbox.System.GetPictureResult.g.cpp" />
    <ClCompile Include="Generated Files\Windows.Xbox.System.GetTokenAndSignatureResult.g.cpp" />
    <ClCompile Include="Generated Files\Windows.Xbox.System.Launcher.g.cpp" />
    <ClCompile Include="Generated Files\Windows.Xbox.System.OnlineStateChangedEventArgs.g.cpp" />
    <ClCompile Include="Generated Files\Windows.Xbox.System.SignInCompletedEventArgs.g.cpp" />
    <ClCompile Include="Generated Files\Windows.Xbox.System.SignOutCompletedEventArgs.g.cpp" />
    <ClCompile Include="Generated Files\Windows.Xbox.System.SignOutDeferral.g.cpp" />
    <ClCompile Include="Generated Files\Windows.Xbox.System.SignOutStartedEventArgs.g.cpp" />
    <ClCompile Include="Generated Files\Windows.Xbox.System.User.g.cpp" />
    <ClCompile Include="Generated Files\Windows.Xbox.System.UserAddedEventArgs.g.cpp" />
    <ClCompile Include="Generated Files\Windows.Xbox.System.UserDisplayInfo.g.cpp" />
    <ClCompile Include="Generated Files\Windows.Xbox.System.UserDisplayInfoChangedEventArgs.g.cpp" />
    <ClCompile Include="Generated Files\Windows.Xbox.System.UserRemovedEventArgs.g.cpp" />
  </ItemGroup>
  <ItemGroup>
    <ClInclude Include="pch.h" />
    <ClInclude Include="Implementation\Windows.Xbox.Achievements.AchievementNotifier.h">
      <Filter>Implementation</Filter>
    </ClInclude>
    <ClInclude Include="Implementation\Windows.Xbox.Input.BodyController.h">
      <Filter>Implementation</Filter>
    </ClInclude>
    <ClInclude Include="Implementation\Windows.Xbox.Input.BodyHandPair.h">
      <Filter>Implementation</Filter>
    </ClInclude>
    <ClInclude Include="Implementation\Windows.Xbox.Input.BrokeredInteractions.h">
      <Filter>Implementation</Filter>
    </ClInclude>
    <ClInclude Include="Implementation\Windows.Xbox.Input.Controller.h">
      <Filter>Implementation</Filter>
    </ClInclude>
    <ClInclude Include="Implementation\Windows.Xbox.Input.ControllerInputManager.h">
      <Filter>Implementation</Filter>
    </ClInclude>
    <ClInclude Include="Implementation\Windows.Xbox.Input.Gamepad.h">
      <Filter>Implementation</Filter>
    </ClInclude>
    <ClInclude Include="Implementation\Windows.Xbox.Input.InputManager.h">
      <Filter>Implementation</Filter>
    </ClInclude>
    <ClInclude Include="Implementation\Windows.Xbox.Input.InputManagerInternal.h">
      <Filter>Implementation</Filter>
    </ClInclude>
    <ClInclude Include="Implementation\Windows.Xbox.Input.NavigationController.h">
      <Filter>Implementation</Filter>
    </ClInclude>
    <ClInclude Include="Implementation\Windows.Xbox.System.Console.h">
      <Filter>Implementation</Filter>
    </ClInclude>
    <ClInclude Include="Implementation\Windows.Xbox.System.Console2.h">
      <Filter>Implementation</Filter>
    </ClInclude>
    <ClInclude Include="Implementation\Windows.Xbox.System.Launcher.h">
      <Filter>Implementation</Filter>
    </ClInclude>
    <ClInclude Include="Implementation\Windows.Xbox.System.User.h">
      <Filter>Implementation</Filter>
    </ClInclude>
    <ClInclude Include="Implementation\Windows.Xbox.Achievements.AchievementSource.h">
      <Filter>Implementation</Filter>
    </ClInclude>
    <ClInclude Include="Implementation\Windows.Xbox.Achievements.AchievementUnlockedEventArgs.h">
      <Filter>Implementation</Filter>
    </ClInclude>
    <ClInclude Include="Implementation\Windows.Xbox.ApplicationModel.State.Internal.AppInfo.h" />
    <ClInclude Include="Implementation\Windows.Xbox.ApplicationModel.State.Internal.AumidQuery.h" />
    <ClInclude Include="Implementation\Windows.Xbox.ApplicationModel.State.Internal.ContentCompatibility.h" />
    <ClInclude Include="Implementation\Windows.Xbox.ApplicationModel.State.Internal.ContentEnhancements.h" />
    <ClInclude Include="Implementation\Windows.Xbox.ApplicationModel.State.Internal.PackageFullNameQuery.h" />
    <ClInclude Include="Implementation\Windows.Xbox.ApplicationModel.State.Internal.PackageInfo.h" />
    <ClInclude Include="Implementation\Windows.Xbox.ApplicationModel.State.Internal.PackageInfoEvents.h" />
    <ClInclude Include="Implementation\Windows.Xbox.ApplicationModel.State.Internal.ProtocolQuery.h" />
    <ClInclude Include="Implementation\Windows.Xbox.ApplicationModel.Store.Configuration.h" />
    <ClInclude Include="Implementation\Windows.Xbox.ApplicationModel.Store.Product.h" />
    <ClInclude Include="Implementation\Windows.Xbox.Management.Deployment.ContentInstallationInfo.h" />
    <ClInclude Include="Implementation\Windows.Xbox.Management.Deployment.ContentInstallManager.h" />
    <ClInclude Include="Implementation\Windows.Xbox.Management.Deployment.ContentLocation.h" />
    <ClInclude Include="Implementation\Windows.Xbox.Management.Deployment.ContentMetadata.h" />
    <ClInclude Include="Implementation\Windows.Xbox.Management.Deployment.ContentMetadataPackager.h" />
    <ClInclude Include="Implementation\Windows.Xbox.Management.Deployment.DownloadableContentPackageManager.h" />
    <ClInclude Include="Implementation\Windows.Xbox.Management.Deployment.PackageTransferManager.h" />
    <ClInclude Include="Implementation\Windows.Xbox.Management.Deployment.PackageTransferWatcher.h" />
    <ClInclude Include="Implementation\Windows.Xbox.Management.Deployment.StreamingInstallQueue.h" />
    <ClInclude Include="Implementation\Windows.Xbox.Media.SystemMediaTransportControls.h" />
    <ClInclude Include="Implementation\Windows.Xbox.Media.SmoothStreamingSessionManager.h" />
    <ClInclude Include="Implementation\Windows.Xbox.Media.GameTransportControls.h" />
    <ClInclude Include="Implementation\Windows.Xbox.Media.GameTransportControlsButtonPressedEventArgs.h" />
    <ClInclude Include="Implementation\Windows.Xbox.Media.GameTransportControlsPropertyChangedEventArgs.h" />
    <ClInclude Include="Generated Files\Windows.Xbox.Achievements.AchievementNotifier.g.h" />
    <ClInclude Include="Generated Files\Windows.Xbox.Achievements.AchievementSource.g.h" />
    <ClInclude Include="Generated Files\Windows.Xbox.Achievements.AchievementUnlockedEventArgs.g.h" />
    <ClInclude Include="Generated Files\Windows.Xbox.ApplicationModel.State.Internal.AppInfo.g.h" />
    <ClInclude Include="Generated Files\Windows.Xbox.ApplicationModel.State.Internal.AumidQuery.g.h" />
    <ClInclude Include="Generated Files\Windows.Xbox.ApplicationModel.State.Internal.ContentCompatibility.g.h" />
    <ClInclude Include="Generated Files\Windows.Xbox.ApplicationModel.State.Internal.ContentEnhancements.g.h" />
    <ClInclude Include="Generated Files\Windows.Xbox.ApplicationModel.State.Internal.PackageFullNameQuery.g.h" />
    <ClInclude Include="Generated Files\Windows.Xbox.ApplicationModel.State.Internal.PackageInfo.g.h" />
    <ClInclude Include="Generated Files\Windows.Xbox.ApplicationModel.State.Internal.PackageInfoEvents.g.h" />
    <ClInclude Include="Generated Files\Windows.Xbox.ApplicationModel.State.Internal.ProtocolQuery.g.h" />
    <ClInclude Include="Generated Files\Windows.Xbox.ApplicationModel.Store.Configuration.g.h" />
    <ClInclude Include="Generated Files\Windows.Xbox.ApplicationModel.Store.Product.g.h" />
    <ClInclude Include="Generated Files\Windows.Xbox.ApplicationModel.Store.ProductPurchasedEventArgs.g.h" />
    <ClInclude Include="Generated Files\Windows.Xbox.Input.AssociatedControllerAddedEventArgs.g.h" />
    <ClInclude Include="Generated Files\Windows.Xbox.Input.AssociatedControllerRemovedEventArgs.g.h" />
    <ClInclude Include="Generated Files\Windows.Xbox.Input.BiometricUserChangedEventArgs.g.h" />
    <ClInclude Include="Generated Files\Windows.Xbox.Input.BodyController.g.h" />
    <ClInclude Include="Generated Files\Windows.Xbox.Input.BodyControllerAddedEventArgs.g.h" />
    <ClInclude Include="Generated Files\Windows.Xbox.Input.BodyControllerReading.g.h" />
    <ClInclude Include="Generated Files\Windows.Xbox.Input.BodyControllerReadingChangedEventArgs.g.h" />
    <ClInclude Include="Generated Files\Windows.Xbox.Input.BodyControllerRemovedEventArgs.g.h" />
    <ClInclude Include="Generated Files\Windows.Xbox.Input.BodyHandPair.g.h" />
    <ClInclude Include="Generated Files\Windows.Xbox.Input.BrokeredInteractions.g.h" />
    <ClInclude Include="Generated Files\Windows.Xbox.Input.Controller.g.h" />
    <ClInclude Include="Generated Files\Windows.Xbox.Input.ControllerAddedEventArgs.g.h" />
    <ClInclude Include="Generated Files\Windows.Xbox.Input.ControllerInputManager.g.h" />
    <ClInclude Include="Generated Files\Windows.Xbox.Input.ControllerOrderChangedEventArgs.g.h" />
    <ClInclude Include="Generated Files\Windows.Xbox.Input.ControllerPairingChangedEventArgs.g.h" />
    <ClInclude Include="Generated Files\Windows.Xbox.Input.ControllerRemovedEventArgs.g.h" />
    <ClInclude Include="Generated Files\Windows.Xbox.Input.Gamepad.g.h" />
    <ClInclude Include="Generated Files\Windows.Xbox.Input.GamepadAddedEventArgs.g.h" />
    <ClInclude Include="Generated Files\Windows.Xbox.Input.GamepadReading.g.h" />
    <ClInclude Include="Generated Files\Windows.Xbox.Input.GamepadReadingChangedEventArgs.g.h" />
    <ClInclude Include="Generated Files\Windows.Xbox.Input.GamepadRemovedEventArgs.g.h" />
    <ClInclude Include="Generated Files\Windows.Xbox.Input.InputManager.g.h" />
    <ClInclude Include="Generated Files\Windows.Xbox.Input.InputManagerInternal.g.h" />
    <ClInclude Include="Generated Files\Windows.Xbox.Input.IsKinectPersonEngagedChangedEventArgs.g.h" />
    <ClInclude Include="Generated Files\Windows.Xbox.Input.NavigationController.g.h" />
    <ClInclude Include="Generated Files\Windows.Xbox.Input.NavigationControllerAddedEventArgs.g.h" />
    <ClInclude Include="Generated Files\Windows.Xbox.Input.NavigationControllerRemovedEventArgs.g.h" />
    <ClInclude Include="Generated Files\Windows.Xbox.Input.NavigationReading.g.h" />
    <ClInclude Include="Generated Files\Windows.Xbox.Input.NavigationReadingChangedEventArgs.g.h" />
    <ClInclude Include="Generated Files\Windows.Xbox.Management.Deployment.CheckForUpdateResult.g.h" />
    <ClInclude Include="Generated Files\Windows.Xbox.Management.Deployment.ChunkCompletedEventArgs.g.h" />
    <ClInclude Include="Generated Files\Windows.Xbox.Management.Deployment.ChunkSpecifiers.g.h" />
    <ClInclude Include="Generated Files\Windows.Xbox.Management.Deployment.ContentInstallationInfo.g.h" />
    <ClInclude Include="Generated Files\Windows.Xbox.Management.Deployment.ContentInstallManager.g.h" />
    <ClInclude Include="Generated Files\Windows.Xbox.Management.Deployment.ContentLocation.g.h" />
    <ClInclude Include="Generated Files\Windows.Xbox.Management.Deployment.ContentMetadata.g.h" />
    <ClInclude Include="Generated Files\Windows.Xbox.Management.Deployment.ContentMetadataPackager.g.h" />
    <ClInclude Include="Generated Files\Windows.Xbox.Management.Deployment.DownloadableContentPackageManager.g.h" />
    <ClInclude Include="Generated Files\Windows.Xbox.Management.Deployment.FindInstallingPackagesResult.g.h" />
    <ClInclude Include="Generated Files\Windows.Xbox.Management.Deployment.PackageTransferManager.g.h" />
    <ClInclude Include="Generated Files\Windows.Xbox.Management.Deployment.PackageTransferWatcher.g.h" />
    <ClInclude Include="Generated Files\Windows.Xbox.Management.Deployment.ProgressChangedEventArgs.g.h" />
    <ClInclude Include="Generated Files\Windows.Xbox.Management.Deployment.RequestUpdatePackageResult.g.h" />
    <ClInclude Include="Generated Files\Windows.Xbox.Management.Deployment.StreamingInstallQueue.g.h" />
    <ClInclude Include="Generated Files\Windows.Xbox.Management.Deployment.TransferCompletedEventArgs.g.h" />
    <ClInclude Include="Generated Files\Windows.Xbox.Management.Deployment.TransferStatusChangedEventArgs.g.h" />
    <ClInclude Include="Generated Files\Windows.Xbox.Media.ConversationDisplayProperties.g.h" />
    <ClInclude Include="Generated Files\Windows.Xbox.Media.GameDisplayProperties.g.h" />
    <ClInclude Include="Generated Files\Windows.Xbox.Media.GameTransportControls.g.h" />
    <ClInclude Include="Generated Files\Windows.Xbox.Media.GameTransportControlsButtonPressedEventArgs.g.h" />
    <ClInclude Include="Generated Files\Windows.Xbox.Media.GameTransportControlsPropertyChangedEventArgs.g.h" />
    <ClInclude Include="Generated Files\Windows.Xbox.Media.ImageDisplayProperties.g.h" />
    <ClInclude Include="Generated Files\Windows.Xbox.Media.MusicDisplayProperties.g.h" />
    <ClInclude Include="Generated Files\Windows.Xbox.Media.SmoothStreamingSessionManager.g.h" />
    <ClInclude Include="Generated Files\Windows.Xbox.Media.SystemMediaTransportControls.g.h" />
    <ClInclude Include="Generated Files\Windows.Xbox.Media.SystemMediaTransportControlsButtonPressedEventArgs.g.h" />
    <ClInclude Include="Generated Files\Windows.Xbox.Media.SystemMediaTransportControlsDisplayUpdater.g.h" />
    <ClInclude Include="Generated Files\Windows.Xbox.Media.SystemMediaTransportControlsPropertyChangedEventArgs.g.h" />
    <ClInclude Include="Generated Files\Windows.Xbox.Media.VideoDisplayProperties.g.h" />
    <ClInclude Include="Generated Files\Windows.Xbox.System.AudioDeviceAddedEventArgs.g.h" />
    <ClInclude Include="Generated Files\Windows.Xbox.System.AudioDeviceChangedEventArgs.g.h" />
    <ClInclude Include="Generated Files\Windows.Xbox.System.AudioDeviceRemovedEventArgs.g.h" />
    <ClInclude Include="Generated Files\Windows.Xbox.System.Console.g.h" />
    <ClInclude Include="Generated Files\Windows.Xbox.System.Console2.g.h" />
    <ClInclude Include="Generated Files\Windows.Xbox.System.GetPictureResult.g.h" />
    <ClInclude Include="Generated Files\Windows.Xbox.System.GetTokenAndSignatureResult.g.h" />
    <ClInclude Include="Generated Files\Windows.Xbox.System.Launcher.g.h" />
    <ClInclude Include="Generated Files\Windows.Xbox.System.OnlineStateChangedEventArgs.g.h" />
    <ClInclude Include="Generated Files\Windows.Xbox.System.SignInCompletedEventArgs.g.h" />
    <ClInclude Include="Generated Files\Windows.Xbox.System.SignOutCompletedEventArgs.g.h" />
    <ClInclude Include="Generated Files\Windows.Xbox.System.SignOutDeferral.g.h" />
    <ClInclude Include="Generated Files\Windows.Xbox.System.SignOutStartedEventArgs.g.h" />
    <ClInclude Include="Generated Files\Windows.Xbox.System.User.g.h" />
    <ClInclude Include="Generated Files\Windows.Xbox.System.UserAddedEventArgs.g.h" />
    <ClInclude Include="Generated Files\Windows.Xbox.System.UserDisplayInfo.g.h" />
    <ClInclude Include="Generated Files\Windows.Xbox.System.UserDisplayInfoChangedEventArgs.g.h" />
    <ClInclude Include="Generated Files\Windows.Xbox.System.UserRemovedEventArgs.g.h" />
  </ItemGroup>
  <ItemGroup>
    <None Include="packages.config" />
    <None Include="winrt_x.def" />
  </ItemGroup>
  <ItemGroup>
    <None Include="PropertySheet.props" />
  </ItemGroup>
  <ItemGroup>
    <Midl Include="External\Windows.Xbox.Input.idl">
      <Filter>External</Filter>
    </Midl>
    <Midl Include="External\Windows.Xbox.System.idl">
      <Filter>External</Filter>
    </Midl>
    <Midl Include="External\Windows.Xbox.idl">
      <Filter>External</Filter>
    </Midl>
    <Midl Include="External\Windows.Xbox.Shell.Social.idl">
      <Filter>External</Filter>
    </Midl>
    <Midl Include="External\Windows.Xbox.Management.Deployment.idl" />
    <Midl Include="External\Windows.Xbox.ApplicationModel.State.Internal.idl" />
    <Midl Include="External\Windows.Xbox.Management.idl" />
    <Midl Include="External\Windows.Xbox.Shell.idl" />
    <Midl Include="External\Windows.Xbox.ApplicationModel.State.idl" />
    <Midl Include="External\Windows.Xbox.ApplicationModel.Store.idl" />
    <Midl Include="External\Windows.Xbox.Media.idl" />
    <Midl Include="External\Windows.Xbox.Achievements.idl" />
    <Midl Include="External\Windows.Xbox.Media.GameTransportControls.idl" />
  </ItemGroup>
</Project>