<?xml version="1.0" encoding="utf-8"?>
<Project ToolsVersion="15.0" xmlns="http://schemas.microsoft.com/developer/msbuild/2003">
  <ItemGroup>
    <Filter Include="Resources">
      <UniqueIdentifier>accd3aa8-1ba0-4223-9bbe-0c431709210b</UniqueIdentifier>
      <Extensions>rc;ico;cur;bmp;dlg;rc2;rct;bin;rgs;gif;jpg;jpeg;jpe;resx;tga;tiff;tif;png;wav;mfcribbon-ms</Extensions>
    </Filter>
    <Filter Include="Generated Files">
      <UniqueIdentifier>{926ab91d-31b4-48c3-b9a4-e681349f27f0}</UniqueIdentifier>
    </Filter>
    <Filter Include="External">
      <UniqueIdentifier>{b62be6ab-6a76-4a53-b8c2-333896f8fe3b}</UniqueIdentifier>
    </Filter>
    <Filter Include="Implementation">
      <UniqueIdentifier>{956cd5a4-2b69-42c3-863f-45bb68b8d13e}</UniqueIdentifier>
    </Filter>
  </ItemGroup>
  <ItemGroup>
    <ClCompile Include="pch.cpp" />
    <ClCompile Include="$(GeneratedFilesDir)module.g.cpp" />
    <ClCompile Include="Implementation\Windows.Xbox.Achievements.AchievementNotifier.cpp">
      <Filter>Implementation</Filter>
    </ClCompile>
    <ClCompile Include="Implementation\Windows.Xbox.Input.BodyController.cpp">
      <Filter>Implementation</Filter>
    </ClCompile>
    <ClCompile Include="Implementation\Windows.Xbox.Input.BodyHandPair.cpp">
      <Filter>Implementation</Filter>
    </ClCompile>
    <ClCompile Include="Implementation\Windows.Xbox.Input.BrokeredInteractions.cpp">
      <Filter>Implementation</Filter>
    </ClCompile>
    <ClCompile Include="Implementation\Windows.Xbox.Input.Controller.cpp">
      <Filter>Implementation</Filter>
    </ClCompile>
    <ClCompile Include="Implementation\Windows.Xbox.Input.ControllerInputManager.cpp">
      <Filter>Implementation</Filter>
    </ClCompile>
    <ClCompile Include="Implementation\Windows.Xbox.Input.Gamepad.cpp">
      <Filter>Implementation</Filter>
    </ClCompile>
    <ClCompile Include="Implementation\Windows.Xbox.Input.InputManager.cpp">
      <Filter>Implementation</Filter>
    </ClCompile>
    <ClCompile Include="Implementation\Windows.Xbox.Input.InputManagerInternal.cpp">
      <Filter>Implementation</Filter>
    </ClCompile>
    <ClCompile Include="Implementation\Windows.Xbox.Input.NavigationController.cpp">
      <Filter>Implementation</Filter>
    </ClCompile>
    <ClCompile Include="Implementation\Windows.Xbox.System.Console.cpp">
      <Filter>Implementation</Filter>
    </ClCompile>
    <ClCompile Include="Implementation\Windows.Xbox.System.Console2.cpp">
      <Filter>Implementation</Filter>
    </ClCompile>
    <ClCompile Include="Implementation\Windows.Xbox.System.Launcher.cpp">
      <Filter>Implementation</Filter>
    </ClCompile>
    <ClCompile Include="Implementation\Windows.Xbox.System.User.cpp">
      <Filter>Implementation</Filter>
    </ClCompile>
    <ClCompile Include="Implementation\Windows.Xbox.Achievements.AchievementSource.cpp">
      <Filter>Implementation</Filter>
    </ClCompile>
    <ClCompile Include="Implementation\Windows.Xbox.Achievements.AchievementUnlockedEventArgs.cpp">
      <Filter>Implementation</Filter>
    </ClCompile>
    <ClCompile Include="Implementation\Windows.Xbox.ApplicationModel.State.Internal.AppInfo.cpp" />
    <ClCompile Include="Implementation\Windows.Xbox.ApplicationModel.State.Internal.AumidQuery.cpp" />
    <ClCompile Include="Implementation\Windows.Xbox.ApplicationModel.State.Internal.ContentCompatibility.cpp" />
    <ClCompile Include="Implementation\Windows.Xbox.ApplicationModel.State.Internal.ContentEnhancements.cpp" />
    <ClCompile Include="Implementation\Windows.Xbox.ApplicationModel.State.Internal.PackageFullNameQuery.cpp" />
    <ClCompile Include="Implementation\Windows.Xbox.ApplicationModel.State.Internal.PackageInfo.cpp" />
    <ClCompile Include="Implementation\Windows.Xbox.ApplicationModel.State.Internal.PackageInfoEvents.cpp" />
    <ClCompile Include="Implementation\Windows.Xbox.ApplicationModel.State.Internal.ProtocolQuery.cpp" />
    <ClCompile Include="Implementation\Windows.Xbox.ApplicationModel.Store.Configuration.cpp" />
    <ClCompile Include="Implementation\Windows.Xbox.ApplicationModel.Store.Product.cpp" />
    <ClCompile Include="Implementation\Windows.Xbox.Management.Deployment.ContentInstallationInfo.cpp" />
    <ClCompile Include="Implementation\Windows.Xbox.Management.Deployment.ContentInstallManager.cpp" />
    <ClCompile Include="Implementation\Windows.Xbox.Management.Deployment.ContentLocation.cpp" />
    <ClCompile Include="Implementation\Windows.Xbox.Management.Deployment.ContentMetadata.cpp" />
    <ClCompile Include="Implementation\Windows.Xbox.Management.Deployment.ContentMetadataPackager.cpp" />
    <ClCompile Include="Implementation\Windows.Xbox.Management.Deployment.DownloadableContentPackageManager.cpp" />
    <ClCompile Include="Implementation\Windows.Xbox.Management.Deployment.PackageTransferManager.cpp" />
    <ClCompile Include="Implementation\Windows.Xbox.Management.Deployment.PackageTransferWatcher.cpp" />
    <ClCompile Include="Implementation\Windows.Xbox.Management.Deployment.StreamingInstallQueue.cpp" />
    <ClCompile Include="Implementation\Windows.Xbox.Media.SmoothStreamingSessionManager.cpp" />
    <ClCompile Include="Implementation\Windows.Xbox.Media.SystemMediaTransportControls.cpp" />
    <ClCompile Include="Implementation\Windows.Xbox.Media.GameTransportControls.cpp" />
    <ClCompile Include="Implementation\Windows.Xbox.Media.GameTransportControlsButtonPressedEventArgs.cpp" />
    <ClCompile Include="Implementation\Windows.Xbox.Media.GameTransportControlsPropertyChangedEventArgs.cpp" />
  </ItemGroup>
  <ItemGroup>
    <ClInclude Include="pch.h" />
    <ClInclude Include="Implementation\Windows.Xbox.Achievements.AchievementNotifier.h">
      <Filter>Implementation</Filter>
    </ClInclude>
    <ClInclude Include="Implementation\Windows.Xbox.Input.BodyController.h">
      <Filter>Implementation</Filter>
    </ClInclude>
    <ClInclude Include="Implementation\Windows.Xbox.Input.BodyHandPair.h">
      <Filter>Implementation</Filter>
    </ClInclude>
    <ClInclude Include="Implementation\Windows.Xbox.Input.BrokeredInteractions.h">
      <Filter>Implementation</Filter>
    </ClInclude>
    <ClInclude Include="Implementation\Windows.Xbox.Input.Controller.h">
      <Filter>Implementation</Filter>
    </ClInclude>
    <ClInclude Include="Implementation\Windows.Xbox.Input.ControllerInputManager.h">
      <Filter>Implementation</Filter>
    </ClInclude>
    <ClInclude Include="Implementation\Windows.Xbox.Input.Gamepad.h">
      <Filter>Implementation</Filter>
    </ClInclude>
    <ClInclude Include="Implementation\Windows.Xbox.Input.InputManager.h">
      <Filter>Implementation</Filter>
    </ClInclude>
    <ClInclude Include="Implementation\Windows.Xbox.Input.InputManagerInternal.h">
      <Filter>Implementation</Filter>
    </ClInclude>
    <ClInclude Include="Implementation\Windows.Xbox.Input.NavigationController.h">
      <Filter>Implementation</Filter>
    </ClInclude>
    <ClInclude Include="Implementation\Windows.Xbox.System.Console.h">
      <Filter>Implementation</Filter>
    </ClInclude>
    <ClInclude Include="Implementation\Windows.Xbox.System.Console2.h">
      <Filter>Implementation</Filter>
    </ClInclude>
    <ClInclude Include="Implementation\Windows.Xbox.System.Launcher.h">
      <Filter>Implementation</Filter>
    </ClInclude>
    <ClInclude Include="Implementation\Windows.Xbox.System.User.h">
      <Filter>Implementation</Filter>
    </ClInclude>
    <ClInclude Include="Implementation\Windows.Xbox.Achievements.AchievementSource.h">
      <Filter>Implementation</Filter>
    </ClInclude>
    <ClInclude Include="Implementation\Windows.Xbox.Achievements.AchievementUnlockedEventArgs.h">
      <Filter>Implementation</Filter>
    </ClInclude>
    <ClInclude Include="Implementation\Windows.Xbox.ApplicationModel.State.Internal.AppInfo.h" />
    <ClInclude Include="Implementation\Windows.Xbox.ApplicationModel.State.Internal.AumidQuery.h" />
    <ClInclude Include="Implementation\Windows.Xbox.ApplicationModel.State.Internal.ContentCompatibility.h" />
    <ClInclude Include="Implementation\Windows.Xbox.ApplicationModel.State.Internal.ContentEnhancements.h" />
    <ClInclude Include="Implementation\Windows.Xbox.ApplicationModel.State.Internal.PackageFullNameQuery.h" />
    <ClInclude Include="Implementation\Windows.Xbox.ApplicationModel.State.Internal.PackageInfo.h" />
    <ClInclude Include="Implementation\Windows.Xbox.ApplicationModel.State.Internal.PackageInfoEvents.h" />
    <ClInclude Include="Implementation\Windows.Xbox.ApplicationModel.State.Internal.ProtocolQuery.h" />
    <ClInclude Include="Implementation\Windows.Xbox.ApplicationModel.Store.Configuration.h" />
    <ClInclude Include="Implementation\Windows.Xbox.ApplicationModel.Store.Product.h" />
    <ClInclude Include="Implementation\Windows.Xbox.Management.Deployment.ContentInstallationInfo.h" />
    <ClInclude Include="Implementation\Windows.Xbox.Management.Deployment.ContentInstallManager.h" />
    <ClInclude Include="Implementation\Windows.Xbox.Management.Deployment.ContentLocation.h" />
    <ClInclude Include="Implementation\Windows.Xbox.Management.Deployment.ContentMetadata.h" />
    <ClInclude Include="Implementation\Windows.Xbox.Management.Deployment.ContentMetadataPackager.h" />
    <ClInclude Include="Implementation\Windows.Xbox.Management.Deployment.DownloadableContentPackageManager.h" />
    <ClInclude Include="Implementation\Windows.Xbox.Management.Deployment.PackageTransferManager.h" />
    <ClInclude Include="Implementation\Windows.Xbox.Management.Deployment.PackageTransferWatcher.h" />
    <ClInclude Include="Implementation\Windows.Xbox.Management.Deployment.StreamingInstallQueue.h" />
    <ClInclude Include="Implementation\Windows.Xbox.Media.SystemMediaTransportControls.h" />
    <ClInclude Include="Implementation\Windows.Xbox.Media.SmoothStreamingSessionManager.h" />
    <ClInclude Include="Implementation\Windows.Xbox.Media.GameTransportControls.h" />
    <ClInclude Include="Implementation\Windows.Xbox.Media.GameTransportControlsButtonPressedEventArgs.h" />
    <ClInclude Include="Implementation\Windows.Xbox.Media.GameTransportControlsPropertyChangedEventArgs.h" />
  </ItemGroup>
  <ItemGroup>
    <None Include="packages.config" />
    <None Include="winrt_x.def" />
  </ItemGroup>
  <ItemGroup>
    <None Include="PropertySheet.props" />
  </ItemGroup>
  <ItemGroup>
    <Midl Include="External\Windows.Xbox.Input.idl">
      <Filter>External</Filter>
    </Midl>
    <Midl Include="External\Windows.Xbox.System.idl">
      <Filter>External</Filter>
    </Midl>
    <Midl Include="External\Windows.Xbox.idl">
      <Filter>External</Filter>
    </Midl>
    <Midl Include="External\Windows.Xbox.Shell.Social.idl">
      <Filter>External</Filter>
    </Midl>
    <Midl Include="External\Windows.Xbox.Management.Deployment.idl" />
    <Midl Include="External\Windows.Xbox.ApplicationModel.State.Internal.idl" />
    <Midl Include="External\Windows.Xbox.Management.idl" />
    <Midl Include="External\Windows.Xbox.Shell.idl" />
    <Midl Include="External\Windows.Xbox.ApplicationModel.State.idl" />
    <Midl Include="External\Windows.Xbox.ApplicationModel.Store.idl" />
    <Midl Include="External\Windows.Xbox.Media.idl" />
    <Midl Include="External\Windows.Xbox.Achievements.idl" />
    <Midl Include="External\Windows.Xbox.Media.GameTransportControls.idl" />
  </ItemGroup>
</Project>