
Microsoft Visual Studio Solution File, Format Version 12.00
# Visual Studio Version 17
VisualStudioVersion = 17.12.35209.166
MinimumVisualStudioVersion = 10.0.40219.1
Project("{2150E333-8FDC-42A3-9474-1A3956D46DE8}") = "dlls", "dlls", "{BF759166-26A8-4B46-8423-8091158F2EA5}"
EndProject
Project("{2150E333-8FDC-42A3-9474-1A3956D46DE8}") = "thirdparty", "thirdparty", "{243DBE8A-7A46-42B5-9FEC-A8E7CB67CE81}"
EndProject
Project("{8BC9CEB8-8B4A-11D0-8D11-00A0C91BC942}") = "Detours", "thirdparty\Detours\vc\Detours.vcxproj", "{37489709-8054-4903-9C49-A79846049FC9}"
EndProject
Project("{8BC9CEB8-8B4A-11D0-8D11-00A0C91BC942}") = "appmodel", "dlls\appmodel\appmodel.vcxproj", "{C4B41A92-2F30-4E8D-8F44-1A82F5C6A7F9}"
EndProject
Project("{8BC9CEB8-8B4A-11D0-8D11-00A0C91BC942}") = "d3d11_x", "dlls\d3d11_x\d3d11_x.vcxproj", "{DD076E76-174E-414F-A47F-01CC84E3FC80}"
EndProject
Project("{8BC9CEB8-8B4A-11D0-8D11-00A0C91BC942}") = "d3d12_x", "dlls\d3d12_x\d3d12_x.vcxproj", "{B7848E35-3881-44CC-89B9-C14D32B2BC42}"
EndProject
Project("{8BC9CEB8-8B4A-11D0-8D11-00A0C91BC942}") = "etwplus", "dlls\etwplus\etwplus.vcxproj", "{F9420BF5-A0E3-41C4-8EB0-DB81A54CF6D8}"
EndProject
Project("{8BC9CEB8-8B4A-11D0-8D11-00A0C91BC942}") = "kernelx", "dlls\kernelx\kernelx.vcxproj", "{94127830-3A6C-4861-BBD2-20C0D289802D}"
EndProject
Project("{8BC9CEB8-8B4A-11D0-8D11-00A0C91BC942}") = "mfplat", "dlls\mfplat\mfplat.vcxproj", "{A67D1CEC-9F56-4D53-97C2-88BADEDDB22D}"
EndProject
Project("{8BC9CEB8-8B4A-11D0-8D11-00A0C91BC942}") = "xg_x", "dlls\xg_x\xg_x.vcxproj", "{61147792-3E17-4013-B289-8F7D99BA510F}"
EndProject
Project("{8BC9CEB8-8B4A-11D0-8D11-00A0C91BC942}") = "XboxIntegratedMultiplayer", "dlls\XboxIntegratedMultiplayer\XboxIntegratedMultiplayer.vcxproj", "{4EFBB336-7E24-4AA2-B02F-6C014F5BB7E7}"
EndProject
Project("{8BC9CEB8-8B4A-11D0-8D11-00A0C91BC942}") = "AcpHal", "dlls\AcpHal\AcpHal.vcxproj", "{A89A1631-2013-4642-B8A1-7AFE05D5A46B}"
EndProject
Project("{8BC9CEB8-8B4A-11D0-8D11-00A0C91BC942}") = "winrt_x", "dlls\winrt_x\winrt_x.vcxproj", "{93628D69-C7A5-43E0-A6E7-AE920C666EB4}"
EndProject
Global
	GlobalSection(SolutionConfigurationPlatforms) = preSolution
		Debug|ARM = Debug|ARM
		Debug|ARM64 = Debug|ARM64
		Debug|x64 = Debug|x64
		Debug|x86 = Debug|x86
		DebugMDd|ARM = DebugMDd|ARM
		DebugMDd|ARM64 = DebugMDd|ARM64
		DebugMDd|x64 = DebugMDd|x64
		DebugMDd|x86 = DebugMDd|x86
		Release|ARM = Release|ARM
		Release|ARM64 = Release|ARM64
		Release|x64 = Release|x64
		Release|x86 = Release|x86
		ReleaseMD|ARM = ReleaseMD|ARM
		ReleaseMD|ARM64 = ReleaseMD|ARM64
		ReleaseMD|x64 = ReleaseMD|x64
		ReleaseMD|x86 = ReleaseMD|x86
	EndGlobalSection
	GlobalSection(ProjectConfigurationPlatforms) = postSolution
		{37489709-8054-4903-9C49-A79846049FC9}.Debug|ARM.ActiveCfg = DebugMDd|ARM
		{37489709-8054-4903-9C49-A79846049FC9}.Debug|ARM.Build.0 = DebugMDd|ARM
		{37489709-8054-4903-9C49-A79846049FC9}.Debug|ARM64.ActiveCfg = DebugMDd|ARM64
		{37489709-8054-4903-9C49-A79846049FC9}.Debug|ARM64.Build.0 = DebugMDd|ARM64
		{37489709-8054-4903-9C49-A79846049FC9}.Debug|x64.ActiveCfg = DebugMDd|x64
		{37489709-8054-4903-9C49-A79846049FC9}.Debug|x64.Build.0 = DebugMDd|x64
		{37489709-8054-4903-9C49-A79846049FC9}.Debug|x86.ActiveCfg = DebugMDd|Win32
		{37489709-8054-4903-9C49-A79846049FC9}.Debug|x86.Build.0 = DebugMDd|Win32
		{37489709-8054-4903-9C49-A79846049FC9}.DebugMDd|ARM.ActiveCfg = DebugMDd|ARM
		{37489709-8054-4903-9C49-A79846049FC9}.DebugMDd|ARM.Build.0 = DebugMDd|ARM
		{37489709-8054-4903-9C49-A79846049FC9}.DebugMDd|ARM64.ActiveCfg = DebugMDd|ARM64
		{37489709-8054-4903-9C49-A79846049FC9}.DebugMDd|ARM64.Build.0 = DebugMDd|ARM64
		{37489709-8054-4903-9C49-A79846049FC9}.DebugMDd|x64.ActiveCfg = DebugMDd|x64
		{37489709-8054-4903-9C49-A79846049FC9}.DebugMDd|x64.Build.0 = DebugMDd|x64
		{37489709-8054-4903-9C49-A79846049FC9}.DebugMDd|x86.ActiveCfg = DebugMDd|Win32
		{37489709-8054-4903-9C49-A79846049FC9}.DebugMDd|x86.Build.0 = DebugMDd|Win32
		{37489709-8054-4903-9C49-A79846049FC9}.Release|ARM.ActiveCfg = ReleaseMD|ARM
		{37489709-8054-4903-9C49-A79846049FC9}.Release|ARM.Build.0 = ReleaseMD|ARM
		{37489709-8054-4903-9C49-A79846049FC9}.Release|ARM64.ActiveCfg = ReleaseMD|ARM64
		{37489709-8054-4903-9C49-A79846049FC9}.Release|ARM64.Build.0 = ReleaseMD|ARM64
		{37489709-8054-4903-9C49-A79846049FC9}.Release|x64.ActiveCfg = ReleaseMD|x64
		{37489709-8054-4903-9C49-A79846049FC9}.Release|x64.Build.0 = ReleaseMD|x64
		{37489709-8054-4903-9C49-A79846049FC9}.Release|x86.ActiveCfg = ReleaseMD|Win32
		{37489709-8054-4903-9C49-A79846049FC9}.Release|x86.Build.0 = ReleaseMD|Win32
		{37489709-8054-4903-9C49-A79846049FC9}.ReleaseMD|ARM.ActiveCfg = ReleaseMD|ARM
		{37489709-8054-4903-9C49-A79846049FC9}.ReleaseMD|ARM.Build.0 = ReleaseMD|ARM
		{37489709-8054-4903-9C49-A79846049FC9}.ReleaseMD|ARM64.ActiveCfg = ReleaseMD|ARM64
		{37489709-8054-4903-9C49-A79846049FC9}.ReleaseMD|ARM64.Build.0 = ReleaseMD|ARM64
		{37489709-8054-4903-9C49-A79846049FC9}.ReleaseMD|x64.ActiveCfg = ReleaseMD|x64
		{37489709-8054-4903-9C49-A79846049FC9}.ReleaseMD|x64.Build.0 = ReleaseMD|x64
		{37489709-8054-4903-9C49-A79846049FC9}.ReleaseMD|x86.ActiveCfg = ReleaseMD|Win32
		{37489709-8054-4903-9C49-A79846049FC9}.ReleaseMD|x86.Build.0 = ReleaseMD|Win32
		{C4B41A92-2F30-4E8D-8F44-1A82F5C6A7F9}.Debug|ARM.ActiveCfg = Debug|x64
		{C4B41A92-2F30-4E8D-8F44-1A82F5C6A7F9}.Debug|ARM.Build.0 = Debug|x64
		{C4B41A92-2F30-4E8D-8F44-1A82F5C6A7F9}.Debug|ARM64.ActiveCfg = Debug|x64
		{C4B41A92-2F30-4E8D-8F44-1A82F5C6A7F9}.Debug|ARM64.Build.0 = Debug|x64
		{C4B41A92-2F30-4E8D-8F44-1A82F5C6A7F9}.Debug|x64.ActiveCfg = Debug|x64
		{C4B41A92-2F30-4E8D-8F44-1A82F5C6A7F9}.Debug|x64.Build.0 = Debug|x64
		{C4B41A92-2F30-4E8D-8F44-1A82F5C6A7F9}.Debug|x86.ActiveCfg = Debug|x64
		{C4B41A92-2F30-4E8D-8F44-1A82F5C6A7F9}.Debug|x86.Build.0 = Debug|x64
		{C4B41A92-2F30-4E8D-8F44-1A82F5C6A7F9}.DebugMDd|ARM.ActiveCfg = Debug|x64
		{C4B41A92-2F30-4E8D-8F44-1A82F5C6A7F9}.DebugMDd|ARM.Build.0 = Debug|x64
		{C4B41A92-2F30-4E8D-8F44-1A82F5C6A7F9}.DebugMDd|ARM64.ActiveCfg = Debug|x64
		{C4B41A92-2F30-4E8D-8F44-1A82F5C6A7F9}.DebugMDd|ARM64.Build.0 = Debug|x64
		{C4B41A92-2F30-4E8D-8F44-1A82F5C6A7F9}.DebugMDd|x64.ActiveCfg = Debug|x64
		{C4B41A92-2F30-4E8D-8F44-1A82F5C6A7F9}.DebugMDd|x64.Build.0 = Debug|x64
		{C4B41A92-2F30-4E8D-8F44-1A82F5C6A7F9}.DebugMDd|x86.ActiveCfg = Debug|x64
		{C4B41A92-2F30-4E8D-8F44-1A82F5C6A7F9}.DebugMDd|x86.Build.0 = Debug|x64
		{C4B41A92-2F30-4E8D-8F44-1A82F5C6A7F9}.Release|ARM.ActiveCfg = Release|x64
		{C4B41A92-2F30-4E8D-8F44-1A82F5C6A7F9}.Release|ARM.Build.0 = Release|x64
		{C4B41A92-2F30-4E8D-8F44-1A82F5C6A7F9}.Release|ARM64.ActiveCfg = Release|x64
		{C4B41A92-2F30-4E8D-8F44-1A82F5C6A7F9}.Release|ARM64.Build.0 = Release|x64
		{C4B41A92-2F30-4E8D-8F44-1A82F5C6A7F9}.Release|x64.ActiveCfg = Release|x64
		{C4B41A92-2F30-4E8D-8F44-1A82F5C6A7F9}.Release|x64.Build.0 = Release|x64
		{C4B41A92-2F30-4E8D-8F44-1A82F5C6A7F9}.Release|x86.ActiveCfg = Release|x64
		{C4B41A92-2F30-4E8D-8F44-1A82F5C6A7F9}.Release|x86.Build.0 = Release|x64
		{C4B41A92-2F30-4E8D-8F44-1A82F5C6A7F9}.ReleaseMD|ARM.ActiveCfg = Release|x64
		{C4B41A92-2F30-4E8D-8F44-1A82F5C6A7F9}.ReleaseMD|ARM.Build.0 = Release|x64
		{C4B41A92-2F30-4E8D-8F44-1A82F5C6A7F9}.ReleaseMD|ARM64.ActiveCfg = Release|x64
		{C4B41A92-2F30-4E8D-8F44-1A82F5C6A7F9}.ReleaseMD|ARM64.Build.0 = Release|x64
		{C4B41A92-2F30-4E8D-8F44-1A82F5C6A7F9}.ReleaseMD|x64.ActiveCfg = Release|x64
		{C4B41A92-2F30-4E8D-8F44-1A82F5C6A7F9}.ReleaseMD|x64.Build.0 = Release|x64
		{C4B41A92-2F30-4E8D-8F44-1A82F5C6A7F9}.ReleaseMD|x86.ActiveCfg = Release|x64
		{C4B41A92-2F30-4E8D-8F44-1A82F5C6A7F9}.ReleaseMD|x86.Build.0 = Release|x64
		{DD076E76-174E-414F-A47F-01CC84E3FC80}.Debug|ARM.ActiveCfg = Debug|x64
		{DD076E76-174E-414F-A47F-01CC84E3FC80}.Debug|ARM.Build.0 = Debug|x64
		{DD076E76-174E-414F-A47F-01CC84E3FC80}.Debug|ARM64.ActiveCfg = Debug|x64
		{DD076E76-174E-414F-A47F-01CC84E3FC80}.Debug|ARM64.Build.0 = Debug|x64
		{DD076E76-174E-414F-A47F-01CC84E3FC80}.Debug|x64.ActiveCfg = Debug|x64
		{DD076E76-174E-414F-A47F-01CC84E3FC80}.Debug|x64.Build.0 = Debug|x64
		{DD076E76-174E-414F-A47F-01CC84E3FC80}.Debug|x86.ActiveCfg = Debug|x64
		{DD076E76-174E-414F-A47F-01CC84E3FC80}.Debug|x86.Build.0 = Debug|x64
		{DD076E76-174E-414F-A47F-01CC84E3FC80}.DebugMDd|ARM.ActiveCfg = Debug|x64
		{DD076E76-174E-414F-A47F-01CC84E3FC80}.DebugMDd|ARM.Build.0 = Debug|x64
		{DD076E76-174E-414F-A47F-01CC84E3FC80}.DebugMDd|ARM64.ActiveCfg = Debug|x64
		{DD076E76-174E-414F-A47F-01CC84E3FC80}.DebugMDd|ARM64.Build.0 = Debug|x64
		{DD076E76-174E-414F-A47F-01CC84E3FC80}.DebugMDd|x64.ActiveCfg = Debug|x64
		{DD076E76-174E-414F-A47F-01CC84E3FC80}.DebugMDd|x64.Build.0 = Debug|x64
		{DD076E76-174E-414F-A47F-01CC84E3FC80}.DebugMDd|x86.ActiveCfg = Debug|x64
		{DD076E76-174E-414F-A47F-01CC84E3FC80}.DebugMDd|x86.Build.0 = Debug|x64
		{DD076E76-174E-414F-A47F-01CC84E3FC80}.Release|ARM.ActiveCfg = Release|x64
		{DD076E76-174E-414F-A47F-01CC84E3FC80}.Release|ARM.Build.0 = Release|x64
		{DD076E76-174E-414F-A47F-01CC84E3FC80}.Release|ARM64.ActiveCfg = Release|x64
		{DD076E76-174E-414F-A47F-01CC84E3FC80}.Release|ARM64.Build.0 = Release|x64
		{DD076E76-174E-414F-A47F-01CC84E3FC80}.Release|x64.ActiveCfg = Release|x64
		{DD076E76-174E-414F-A47F-01CC84E3FC80}.Release|x64.Build.0 = Release|x64
		{DD076E76-174E-414F-A47F-01CC84E3FC80}.Release|x86.ActiveCfg = Release|x64
		{DD076E76-174E-414F-A47F-01CC84E3FC80}.Release|x86.Build.0 = Release|x64
		{DD076E76-174E-414F-A47F-01CC84E3FC80}.ReleaseMD|ARM.ActiveCfg = Release|x64
		{DD076E76-174E-414F-A47F-01CC84E3FC80}.ReleaseMD|ARM.Build.0 = Release|x64
		{DD076E76-174E-414F-A47F-01CC84E3FC80}.ReleaseMD|ARM64.ActiveCfg = Release|x64
		{DD076E76-174E-414F-A47F-01CC84E3FC80}.ReleaseMD|ARM64.Build.0 = Release|x64
		{DD076E76-174E-414F-A47F-01CC84E3FC80}.ReleaseMD|x64.ActiveCfg = Release|x64
		{DD076E76-174E-414F-A47F-01CC84E3FC80}.ReleaseMD|x64.Build.0 = Release|x64
		{DD076E76-174E-414F-A47F-01CC84E3FC80}.ReleaseMD|x86.ActiveCfg = Release|x64
		{DD076E76-174E-414F-A47F-01CC84E3FC80}.ReleaseMD|x86.Build.0 = Release|x64
		{B7848E35-3881-44CC-89B9-C14D32B2BC42}.Debug|ARM.ActiveCfg = Debug|x64
		{B7848E35-3881-44CC-89B9-C14D32B2BC42}.Debug|ARM.Build.0 = Debug|x64
		{B7848E35-3881-44CC-89B9-C14D32B2BC42}.Debug|ARM64.ActiveCfg = Debug|x64
		{B7848E35-3881-44CC-89B9-C14D32B2BC42}.Debug|ARM64.Build.0 = Debug|x64
		{B7848E35-3881-44CC-89B9-C14D32B2BC42}.Debug|x64.ActiveCfg = Debug|x64
		{B7848E35-3881-44CC-89B9-C14D32B2BC42}.Debug|x64.Build.0 = Debug|x64
		{B7848E35-3881-44CC-89B9-C14D32B2BC42}.Debug|x86.ActiveCfg = Debug|x64
		{B7848E35-3881-44CC-89B9-C14D32B2BC42}.Debug|x86.Build.0 = Debug|x64
		{B7848E35-3881-44CC-89B9-C14D32B2BC42}.DebugMDd|ARM.ActiveCfg = Debug|x64
		{B7848E35-3881-44CC-89B9-C14D32B2BC42}.DebugMDd|ARM.Build.0 = Debug|x64
		{B7848E35-3881-44CC-89B9-C14D32B2BC42}.DebugMDd|ARM64.ActiveCfg = Debug|x64
		{B7848E35-3881-44CC-89B9-C14D32B2BC42}.DebugMDd|ARM64.Build.0 = Debug|x64
		{B7848E35-3881-44CC-89B9-C14D32B2BC42}.DebugMDd|x64.ActiveCfg = Debug|x64
		{B7848E35-3881-44CC-89B9-C14D32B2BC42}.DebugMDd|x64.Build.0 = Debug|x64
		{B7848E35-3881-44CC-89B9-C14D32B2BC42}.DebugMDd|x86.ActiveCfg = Debug|x64
		{B7848E35-3881-44CC-89B9-C14D32B2BC42}.DebugMDd|x86.Build.0 = Debug|x64
		{B7848E35-3881-44CC-89B9-C14D32B2BC42}.Release|ARM.ActiveCfg = Release|x64
		{B7848E35-3881-44CC-89B9-C14D32B2BC42}.Release|ARM.Build.0 = Release|x64
		{B7848E35-3881-44CC-89B9-C14D32B2BC42}.Release|ARM64.ActiveCfg = Release|x64
		{B7848E35-3881-44CC-89B9-C14D32B2BC42}.Release|ARM64.Build.0 = Release|x64
		{B7848E35-3881-44CC-89B9-C14D32B2BC42}.Release|x64.ActiveCfg = Release|x64
		{B7848E35-3881-44CC-89B9-C14D32B2BC42}.Release|x64.Build.0 = Release|x64
		{B7848E35-3881-44CC-89B9-C14D32B2BC42}.Release|x86.ActiveCfg = Release|x64
		{B7848E35-3881-44CC-89B9-C14D32B2BC42}.Release|x86.Build.0 = Release|x64
		{B7848E35-3881-44CC-89B9-C14D32B2BC42}.ReleaseMD|ARM.ActiveCfg = Release|x64
		{B7848E35-3881-44CC-89B9-C14D32B2BC42}.ReleaseMD|ARM.Build.0 = Release|x64
		{B7848E35-3881-44CC-89B9-C14D32B2BC42}.ReleaseMD|ARM64.ActiveCfg = Release|x64
		{B7848E35-3881-44CC-89B9-C14D32B2BC42}.ReleaseMD|ARM64.Build.0 = Release|x64
		{B7848E35-3881-44CC-89B9-C14D32B2BC42}.ReleaseMD|x64.ActiveCfg = Release|x64
		{B7848E35-3881-44CC-89B9-C14D32B2BC42}.ReleaseMD|x64.Build.0 = Release|x64
		{B7848E35-3881-44CC-89B9-C14D32B2BC42}.ReleaseMD|x86.ActiveCfg = Release|x64
		{B7848E35-3881-44CC-89B9-C14D32B2BC42}.ReleaseMD|x86.Build.0 = Release|x64
		{F9420BF5-A0E3-41C4-8EB0-DB81A54CF6D8}.Debug|ARM.ActiveCfg = Debug|x64
		{F9420BF5-A0E3-41C4-8EB0-DB81A54CF6D8}.Debug|ARM.Build.0 = Debug|x64
		{F9420BF5-A0E3-41C4-8EB0-DB81A54CF6D8}.Debug|ARM64.ActiveCfg = Debug|x64
		{F9420BF5-A0E3-41C4-8EB0-DB81A54CF6D8}.Debug|ARM64.Build.0 = Debug|x64
		{F9420BF5-A0E3-41C4-8EB0-DB81A54CF6D8}.Debug|x64.ActiveCfg = Debug|x64
		{F9420BF5-A0E3-41C4-8EB0-DB81A54CF6D8}.Debug|x64.Build.0 = Debug|x64
		{F9420BF5-A0E3-41C4-8EB0-DB81A54CF6D8}.Debug|x86.ActiveCfg = Debug|x64
		{F9420BF5-A0E3-41C4-8EB0-DB81A54CF6D8}.Debug|x86.Build.0 = Debug|x64
		{F9420BF5-A0E3-41C4-8EB0-DB81A54CF6D8}.DebugMDd|ARM.ActiveCfg = Debug|x64
		{F9420BF5-A0E3-41C4-8EB0-DB81A54CF6D8}.DebugMDd|ARM.Build.0 = Debug|x64
		{F9420BF5-A0E3-41C4-8EB0-DB81A54CF6D8}.DebugMDd|ARM64.ActiveCfg = Debug|x64
		{F9420BF5-A0E3-41C4-8EB0-DB81A54CF6D8}.DebugMDd|ARM64.Build.0 = Debug|x64
		{F9420BF5-A0E3-41C4-8EB0-DB81A54CF6D8}.DebugMDd|x64.ActiveCfg = Debug|x64
		{F9420BF5-A0E3-41C4-8EB0-DB81A54CF6D8}.DebugMDd|x64.Build.0 = Debug|x64
		{F9420BF5-A0E3-41C4-8EB0-DB81A54CF6D8}.DebugMDd|x86.ActiveCfg = Debug|x64
		{F9420BF5-A0E3-41C4-8EB0-DB81A54CF6D8}.DebugMDd|x86.Build.0 = Debug|x64
		{F9420BF5-A0E3-41C4-8EB0-DB81A54CF6D8}.Release|ARM.ActiveCfg = Release|x64
		{F9420BF5-A0E3-41C4-8EB0-DB81A54CF6D8}.Release|ARM.Build.0 = Release|x64
		{F9420BF5-A0E3-41C4-8EB0-DB81A54CF6D8}.Release|ARM64.ActiveCfg = Release|x64
		{F9420BF5-A0E3-41C4-8EB0-DB81A54CF6D8}.Release|ARM64.Build.0 = Release|x64
		{F9420BF5-A0E3-41C4-8EB0-DB81A54CF6D8}.Release|x64.ActiveCfg = Release|x64
		{F9420BF5-A0E3-41C4-8EB0-DB81A54CF6D8}.Release|x64.Build.0 = Release|x64
		{F9420BF5-A0E3-41C4-8EB0-DB81A54CF6D8}.Release|x86.ActiveCfg = Release|x64
		{F9420BF5-A0E3-41C4-8EB0-DB81A54CF6D8}.Release|x86.Build.0 = Release|x64
		{F9420BF5-A0E3-41C4-8EB0-DB81A54CF6D8}.ReleaseMD|ARM.ActiveCfg = Release|x64
		{F9420BF5-A0E3-41C4-8EB0-DB81A54CF6D8}.ReleaseMD|ARM.Build.0 = Release|x64
		{F9420BF5-A0E3-41C4-8EB0-DB81A54CF6D8}.ReleaseMD|ARM64.ActiveCfg = Release|x64
		{F9420BF5-A0E3-41C4-8EB0-DB81A54CF6D8}.ReleaseMD|ARM64.Build.0 = Release|x64
		{F9420BF5-A0E3-41C4-8EB0-DB81A54CF6D8}.ReleaseMD|x64.ActiveCfg = Release|x64
		{F9420BF5-A0E3-41C4-8EB0-DB81A54CF6D8}.ReleaseMD|x64.Build.0 = Release|x64
		{F9420BF5-A0E3-41C4-8EB0-DB81A54CF6D8}.ReleaseMD|x86.ActiveCfg = Release|x64
		{F9420BF5-A0E3-41C4-8EB0-DB81A54CF6D8}.ReleaseMD|x86.Build.0 = Release|x64
		{94127830-3A6C-4861-BBD2-20C0D289802D}.Debug|ARM.ActiveCfg = Debug|x64
		{94127830-3A6C-4861-BBD2-20C0D289802D}.Debug|ARM.Build.0 = Debug|x64
		{94127830-3A6C-4861-BBD2-20C0D289802D}.Debug|ARM64.ActiveCfg = Debug|x64
		{94127830-3A6C-4861-BBD2-20C0D289802D}.Debug|ARM64.Build.0 = Debug|x64
		{94127830-3A6C-4861-BBD2-20C0D289802D}.Debug|x64.ActiveCfg = Debug|x64
		{94127830-3A6C-4861-BBD2-20C0D289802D}.Debug|x64.Build.0 = Debug|x64
		{94127830-3A6C-4861-BBD2-20C0D289802D}.Debug|x86.ActiveCfg = Debug|x64
		{94127830-3A6C-4861-BBD2-20C0D289802D}.Debug|x86.Build.0 = Debug|x64
		{94127830-3A6C-4861-BBD2-20C0D289802D}.DebugMDd|ARM.ActiveCfg = Debug|x64
		{94127830-3A6C-4861-BBD2-20C0D289802D}.DebugMDd|ARM.Build.0 = Debug|x64
		{94127830-3A6C-4861-BBD2-20C0D289802D}.DebugMDd|ARM64.ActiveCfg = Debug|x64
		{94127830-3A6C-4861-BBD2-20C0D289802D}.DebugMDd|ARM64.Build.0 = Debug|x64
		{94127830-3A6C-4861-BBD2-20C0D289802D}.DebugMDd|x64.ActiveCfg = Debug|x64
		{94127830-3A6C-4861-BBD2-20C0D289802D}.DebugMDd|x64.Build.0 = Debug|x64
		{94127830-3A6C-4861-BBD2-20C0D289802D}.DebugMDd|x86.ActiveCfg = Debug|x64
		{94127830-3A6C-4861-BBD2-20C0D289802D}.DebugMDd|x86.Build.0 = Debug|x64
		{94127830-3A6C-4861-BBD2-20C0D289802D}.Release|ARM.ActiveCfg = Release|x64
		{94127830-3A6C-4861-BBD2-20C0D289802D}.Release|ARM.Build.0 = Release|x64
		{94127830-3A6C-4861-BBD2-20C0D289802D}.Release|ARM64.ActiveCfg = Release|x64
		{94127830-3A6C-4861-BBD2-20C0D289802D}.Release|ARM64.Build.0 = Release|x64
		{94127830-3A6C-4861-BBD2-20C0D289802D}.Release|x64.ActiveCfg = Release|x64
		{94127830-3A6C-4861-BBD2-20C0D289802D}.Release|x64.Build.0 = Release|x64
		{94127830-3A6C-4861-BBD2-20C0D289802D}.Release|x86.ActiveCfg = Release|x64
		{94127830-3A6C-4861-BBD2-20C0D289802D}.Release|x86.Build.0 = Release|x64
		{94127830-3A6C-4861-BBD2-20C0D289802D}.ReleaseMD|ARM.ActiveCfg = Release|x64
		{94127830-3A6C-4861-BBD2-20C0D289802D}.ReleaseMD|ARM.Build.0 = Release|x64
		{94127830-3A6C-4861-BBD2-20C0D289802D}.ReleaseMD|ARM64.ActiveCfg = Release|x64
		{94127830-3A6C-4861-BBD2-20C0D289802D}.ReleaseMD|ARM64.Build.0 = Release|x64
		{94127830-3A6C-4861-BBD2-20C0D289802D}.ReleaseMD|x64.ActiveCfg = Release|x64
		{94127830-3A6C-4861-BBD2-20C0D289802D}.ReleaseMD|x64.Build.0 = Release|x64
		{94127830-3A6C-4861-BBD2-20C0D289802D}.ReleaseMD|x86.ActiveCfg = Release|x64
		{94127830-3A6C-4861-BBD2-20C0D289802D}.ReleaseMD|x86.Build.0 = Release|x64
		{A67D1CEC-9F56-4D53-97C2-88BADEDDB22D}.Debug|ARM.ActiveCfg = Debug|x64
		{A67D1CEC-9F56-4D53-97C2-88BADEDDB22D}.Debug|ARM.Build.0 = Debug|x64
		{A67D1CEC-9F56-4D53-97C2-88BADEDDB22D}.Debug|ARM64.ActiveCfg = Debug|x64
		{A67D1CEC-9F56-4D53-97C2-88BADEDDB22D}.Debug|ARM64.Build.0 = Debug|x64
		{A67D1CEC-9F56-4D53-97C2-88BADEDDB22D}.Debug|x64.ActiveCfg = Debug|x64
		{A67D1CEC-9F56-4D53-97C2-88BADEDDB22D}.Debug|x64.Build.0 = Debug|x64
		{A67D1CEC-9F56-4D53-97C2-88BADEDDB22D}.Debug|x86.ActiveCfg = Debug|x64
		{A67D1CEC-9F56-4D53-97C2-88BADEDDB22D}.Debug|x86.Build.0 = Debug|x64
		{A67D1CEC-9F56-4D53-97C2-88BADEDDB22D}.DebugMDd|ARM.ActiveCfg = Debug|x64
		{A67D1CEC-9F56-4D53-97C2-88BADEDDB22D}.DebugMDd|ARM.Build.0 = Debug|x64
		{A67D1CEC-9F56-4D53-97C2-88BADEDDB22D}.DebugMDd|ARM64.ActiveCfg = Debug|x64
		{A67D1CEC-9F56-4D53-97C2-88BADEDDB22D}.DebugMDd|ARM64.Build.0 = Debug|x64
		{A67D1CEC-9F56-4D53-97C2-88BADEDDB22D}.DebugMDd|x64.ActiveCfg = Debug|x64
		{A67D1CEC-9F56-4D53-97C2-88BADEDDB22D}.DebugMDd|x64.Build.0 = Debug|x64
		{A67D1CEC-9F56-4D53-97C2-88BADEDDB22D}.DebugMDd|x86.ActiveCfg = Debug|x64
		{A67D1CEC-9F56-4D53-97C2-88BADEDDB22D}.DebugMDd|x86.Build.0 = Debug|x64
		{A67D1CEC-9F56-4D53-97C2-88BADEDDB22D}.Release|ARM.ActiveCfg = Release|x64
		{A67D1CEC-9F56-4D53-97C2-88BADEDDB22D}.Release|ARM.Build.0 = Release|x64
		{A67D1CEC-9F56-4D53-97C2-88BADEDDB22D}.Release|ARM64.ActiveCfg = Release|x64
		{A67D1CEC-9F56-4D53-97C2-88BADEDDB22D}.Release|ARM64.Build.0 = Release|x64
		{A67D1CEC-9F56-4D53-97C2-88BADEDDB22D}.Release|x64.ActiveCfg = Release|x64
		{A67D1CEC-9F56-4D53-97C2-88BADEDDB22D}.Release|x64.Build.0 = Release|x64
		{A67D1CEC-9F56-4D53-97C2-88BADEDDB22D}.Release|x86.ActiveCfg = Release|x64
		{A67D1CEC-9F56-4D53-97C2-88BADEDDB22D}.Release|x86.Build.0 = Release|x64
		{A67D1CEC-9F56-4D53-97C2-88BADEDDB22D}.ReleaseMD|ARM.ActiveCfg = Release|x64
		{A67D1CEC-9F56-4D53-97C2-88BADEDDB22D}.ReleaseMD|ARM.Build.0 = Release|x64
		{A67D1CEC-9F56-4D53-97C2-88BADEDDB22D}.ReleaseMD|ARM64.ActiveCfg = Release|x64
		{A67D1CEC-9F56-4D53-97C2-88BADEDDB22D}.ReleaseMD|ARM64.Build.0 = Release|x64
		{A67D1CEC-9F56-4D53-97C2-88BADEDDB22D}.ReleaseMD|x64.ActiveCfg = Release|x64
		{A67D1CEC-9F56-4D53-97C2-88BADEDDB22D}.ReleaseMD|x64.Build.0 = Release|x64
		{A67D1CEC-9F56-4D53-97C2-88BADEDDB22D}.ReleaseMD|x86.ActiveCfg = Release|x64
		{A67D1CEC-9F56-4D53-97C2-88BADEDDB22D}.ReleaseMD|x86.Build.0 = Release|x64
		{61147792-3E17-4013-B289-8F7D99BA510F}.Debug|ARM.ActiveCfg = Debug|x64
		{61147792-3E17-4013-B289-8F7D99BA510F}.Debug|ARM.Build.0 = Debug|x64
		{61147792-3E17-4013-B289-8F7D99BA510F}.Debug|ARM64.ActiveCfg = Debug|x64
		{61147792-3E17-4013-B289-8F7D99BA510F}.Debug|ARM64.Build.0 = Debug|x64
		{61147792-3E17-4013-B289-8F7D99BA510F}.Debug|x64.ActiveCfg = Debug|x64
		{61147792-3E17-4013-B289-8F7D99BA510F}.Debug|x64.Build.0 = Debug|x64
		{61147792-3E17-4013-B289-8F7D99BA510F}.Debug|x86.ActiveCfg = Debug|x64
		{61147792-3E17-4013-B289-8F7D99BA510F}.Debug|x86.Build.0 = Debug|x64
		{61147792-3E17-4013-B289-8F7D99BA510F}.DebugMDd|ARM.ActiveCfg = Debug|x64
		{61147792-3E17-4013-B289-8F7D99BA510F}.DebugMDd|ARM.Build.0 = Debug|x64
		{61147792-3E17-4013-B289-8F7D99BA510F}.DebugMDd|ARM64.ActiveCfg = Debug|x64
		{61147792-3E17-4013-B289-8F7D99BA510F}.DebugMDd|ARM64.Build.0 = Debug|x64
		{61147792-3E17-4013-B289-8F7D99BA510F}.DebugMDd|x64.ActiveCfg = Debug|x64
		{61147792-3E17-4013-B289-8F7D99BA510F}.DebugMDd|x64.Build.0 = Debug|x64
		{61147792-3E17-4013-B289-8F7D99BA510F}.DebugMDd|x86.ActiveCfg = Debug|x64
		{61147792-3E17-4013-B289-8F7D99BA510F}.DebugMDd|x86.Build.0 = Debug|x64
		{61147792-3E17-4013-B289-8F7D99BA510F}.Release|ARM.ActiveCfg = Release|x64
		{61147792-3E17-4013-B289-8F7D99BA510F}.Release|ARM.Build.0 = Release|x64
		{61147792-3E17-4013-B289-8F7D99BA510F}.Release|ARM64.ActiveCfg = Release|x64
		{61147792-3E17-4013-B289-8F7D99BA510F}.Release|ARM64.Build.0 = Release|x64
		{61147792-3E17-4013-B289-8F7D99BA510F}.Release|x64.ActiveCfg = Release|x64
		{61147792-3E17-4013-B289-8F7D99BA510F}.Release|x64.Build.0 = Release|x64
		{61147792-3E17-4013-B289-8F7D99BA510F}.Release|x86.ActiveCfg = Release|x64
		{61147792-3E17-4013-B289-8F7D99BA510F}.Release|x86.Build.0 = Release|x64
		{61147792-3E17-4013-B289-8F7D99BA510F}.ReleaseMD|ARM.ActiveCfg = Release|x64
		{61147792-3E17-4013-B289-8F7D99BA510F}.ReleaseMD|ARM.Build.0 = Release|x64
		{61147792-3E17-4013-B289-8F7D99BA510F}.ReleaseMD|ARM64.ActiveCfg = Release|x64
		{61147792-3E17-4013-B289-8F7D99BA510F}.ReleaseMD|ARM64.Build.0 = Release|x64
		{61147792-3E17-4013-B289-8F7D99BA510F}.ReleaseMD|x64.ActiveCfg = Release|x64
		{61147792-3E17-4013-B289-8F7D99BA510F}.ReleaseMD|x64.Build.0 = Release|x64
		{61147792-3E17-4013-B289-8F7D99BA510F}.ReleaseMD|x86.ActiveCfg = Release|x64
		{61147792-3E17-4013-B289-8F7D99BA510F}.ReleaseMD|x86.Build.0 = Release|x64
		{4EFBB336-7E24-4AA2-B02F-6C014F5BB7E7}.Debug|ARM.ActiveCfg = Debug|x64
		{4EFBB336-7E24-4AA2-B02F-6C014F5BB7E7}.Debug|ARM.Build.0 = Debug|x64
		{4EFBB336-7E24-4AA2-B02F-6C014F5BB7E7}.Debug|ARM64.ActiveCfg = Debug|x64
		{4EFBB336-7E24-4AA2-B02F-6C014F5BB7E7}.Debug|ARM64.Build.0 = Debug|x64
		{4EFBB336-7E24-4AA2-B02F-6C014F5BB7E7}.Debug|x64.ActiveCfg = Debug|x64
		{4EFBB336-7E24-4AA2-B02F-6C014F5BB7E7}.Debug|x64.Build.0 = Debug|x64
		{4EFBB336-7E24-4AA2-B02F-6C014F5BB7E7}.Debug|x86.ActiveCfg = Debug|Win32
		{4EFBB336-7E24-4AA2-B02F-6C014F5BB7E7}.Debug|x86.Build.0 = Debug|Win32
		{4EFBB336-7E24-4AA2-B02F-6C014F5BB7E7}.DebugMDd|ARM.ActiveCfg = Debug|x64
		{4EFBB336-7E24-4AA2-B02F-6C014F5BB7E7}.DebugMDd|ARM.Build.0 = Debug|x64
		{4EFBB336-7E24-4AA2-B02F-6C014F5BB7E7}.DebugMDd|ARM64.ActiveCfg = Debug|x64
		{4EFBB336-7E24-4AA2-B02F-6C014F5BB7E7}.DebugMDd|ARM64.Build.0 = Debug|x64
		{4EFBB336-7E24-4AA2-B02F-6C014F5BB7E7}.DebugMDd|x64.ActiveCfg = Debug|x64
		{4EFBB336-7E24-4AA2-B02F-6C014F5BB7E7}.DebugMDd|x64.Build.0 = Debug|x64
		{4EFBB336-7E24-4AA2-B02F-6C014F5BB7E7}.DebugMDd|x86.ActiveCfg = Debug|Win32
		{4EFBB336-7E24-4AA2-B02F-6C014F5BB7E7}.DebugMDd|x86.Build.0 = Debug|Win32
		{4EFBB336-7E24-4AA2-B02F-6C014F5BB7E7}.Release|ARM.ActiveCfg = Release|x64
		{4EFBB336-7E24-4AA2-B02F-6C014F5BB7E7}.Release|ARM.Build.0 = Release|x64
		{4EFBB336-7E24-4AA2-B02F-6C014F5BB7E7}.Release|ARM64.ActiveCfg = Release|x64
		{4EFBB336-7E24-4AA2-B02F-6C014F5BB7E7}.Release|ARM64.Build.0 = Release|x64
		{4EFBB336-7E24-4AA2-B02F-6C014F5BB7E7}.Release|x64.ActiveCfg = Release|x64
		{4EFBB336-7E24-4AA2-B02F-6C014F5BB7E7}.Release|x64.Build.0 = Release|x64
		{4EFBB336-7E24-4AA2-B02F-6C014F5BB7E7}.Release|x86.ActiveCfg = Release|Win32
		{4EFBB336-7E24-4AA2-B02F-6C014F5BB7E7}.Release|x86.Build.0 = Release|Win32
		{4EFBB336-7E24-4AA2-B02F-6C014F5BB7E7}.ReleaseMD|ARM.ActiveCfg = Release|x64
		{4EFBB336-7E24-4AA2-B02F-6C014F5BB7E7}.ReleaseMD|ARM.Build.0 = Release|x64
		{4EFBB336-7E24-4AA2-B02F-6C014F5BB7E7}.ReleaseMD|ARM64.ActiveCfg = Release|x64
		{4EFBB336-7E24-4AA2-B02F-6C014F5BB7E7}.ReleaseMD|ARM64.Build.0 = Release|x64
		{4EFBB336-7E24-4AA2-B02F-6C014F5BB7E7}.ReleaseMD|x64.ActiveCfg = Release|x64
		{4EFBB336-7E24-4AA2-B02F-6C014F5BB7E7}.ReleaseMD|x64.Build.0 = Release|x64
		{4EFBB336-7E24-4AA2-B02F-6C014F5BB7E7}.ReleaseMD|x86.ActiveCfg = Release|Win32
		{4EFBB336-7E24-4AA2-B02F-6C014F5BB7E7}.ReleaseMD|x86.Build.0 = Release|Win32
		{A89A1631-2013-4642-B8A1-7AFE05D5A46B}.Debug|ARM.ActiveCfg = Debug|x64
		{A89A1631-2013-4642-B8A1-7AFE05D5A46B}.Debug|ARM.Build.0 = Debug|x64
		{A89A1631-2013-4642-B8A1-7AFE05D5A46B}.Debug|ARM64.ActiveCfg = Debug|x64
		{A89A1631-2013-4642-B8A1-7AFE05D5A46B}.Debug|ARM64.Build.0 = Debug|x64
		{A89A1631-2013-4642-B8A1-7AFE05D5A46B}.Debug|x64.ActiveCfg = Debug|x64
		{A89A1631-2013-4642-B8A1-7AFE05D5A46B}.Debug|x64.Build.0 = Debug|x64
		{A89A1631-2013-4642-B8A1-7AFE05D5A46B}.Debug|x86.ActiveCfg = Debug|Win32
		{A89A1631-2013-4642-B8A1-7AFE05D5A46B}.Debug|x86.Build.0 = Debug|Win32
		{A89A1631-2013-4642-B8A1-7AFE05D5A46B}.DebugMDd|ARM.ActiveCfg = Debug|x64
		{A89A1631-2013-4642-B8A1-7AFE05D5A46B}.DebugMDd|ARM.Build.0 = Debug|x64
		{A89A1631-2013-4642-B8A1-7AFE05D5A46B}.DebugMDd|ARM64.ActiveCfg = Debug|x64
		{A89A1631-2013-4642-B8A1-7AFE05D5A46B}.DebugMDd|ARM64.Build.0 = Debug|x64
		{A89A1631-2013-4642-B8A1-7AFE05D5A46B}.DebugMDd|x64.ActiveCfg = Debug|x64
		{A89A1631-2013-4642-B8A1-7AFE05D5A46B}.DebugMDd|x64.Build.0 = Debug|x64
		{A89A1631-2013-4642-B8A1-7AFE05D5A46B}.DebugMDd|x86.ActiveCfg = Debug|Win32
		{A89A1631-2013-4642-B8A1-7AFE05D5A46B}.DebugMDd|x86.Build.0 = Debug|Win32
		{A89A1631-2013-4642-B8A1-7AFE05D5A46B}.Release|ARM.ActiveCfg = Release|x64
		{A89A1631-2013-4642-B8A1-7AFE05D5A46B}.Release|ARM.Build.0 = Release|x64
		{A89A1631-2013-4642-B8A1-7AFE05D5A46B}.Release|ARM64.ActiveCfg = Release|x64
		{A89A1631-2013-4642-B8A1-7AFE05D5A46B}.Release|ARM64.Build.0 = Release|x64
		{A89A1631-2013-4642-B8A1-7AFE05D5A46B}.Release|x64.ActiveCfg = Release|x64
		{A89A1631-2013-4642-B8A1-7AFE05D5A46B}.Release|x64.Build.0 = Release|x64
		{A89A1631-2013-4642-B8A1-7AFE05D5A46B}.Release|x86.ActiveCfg = Release|Win32
		{A89A1631-2013-4642-B8A1-7AFE05D5A46B}.Release|x86.Build.0 = Release|Win32
		{A89A1631-2013-4642-B8A1-7AFE05D5A46B}.ReleaseMD|ARM.ActiveCfg = Release|x64
		{A89A1631-2013-4642-B8A1-7AFE05D5A46B}.ReleaseMD|ARM.Build.0 = Release|x64
		{A89A1631-2013-4642-B8A1-7AFE05D5A46B}.ReleaseMD|ARM64.ActiveCfg = Release|x64
		{A89A1631-2013-4642-B8A1-7AFE05D5A46B}.ReleaseMD|ARM64.Build.0 = Release|x64
		{A89A1631-2013-4642-B8A1-7AFE05D5A46B}.ReleaseMD|x64.ActiveCfg = Release|x64
		{A89A1631-2013-4642-B8A1-7AFE05D5A46B}.ReleaseMD|x64.Build.0 = Release|x64
		{A89A1631-2013-4642-B8A1-7AFE05D5A46B}.ReleaseMD|x86.ActiveCfg = Release|Win32
		{A89A1631-2013-4642-B8A1-7AFE05D5A46B}.ReleaseMD|x86.Build.0 = Release|Win32
		{93628D69-C7A5-43E0-A6E7-AE920C666EB4}.Debug|ARM.ActiveCfg = Debug|ARM
		{93628D69-C7A5-43E0-A6E7-AE920C666EB4}.Debug|ARM.Build.0 = Debug|ARM
		{93628D69-C7A5-43E0-A6E7-AE920C666EB4}.Debug|ARM64.ActiveCfg = Debug|ARM64
		{93628D69-C7A5-43E0-A6E7-AE920C666EB4}.Debug|ARM64.Build.0 = Debug|ARM64
		{93628D69-C7A5-43E0-A6E7-AE920C666EB4}.Debug|x64.ActiveCfg = Debug|x64
		{93628D69-C7A5-43E0-A6E7-AE920C666EB4}.Debug|x64.Build.0 = Debug|x64
		{93628D69-C7A5-43E0-A6E7-AE920C666EB4}.Debug|x86.ActiveCfg = Debug|Win32
		{93628D69-C7A5-43E0-A6E7-AE920C666EB4}.Debug|x86.Build.0 = Debug|Win32
		{93628D69-C7A5-43E0-A6E7-AE920C666EB4}.DebugMDd|ARM.ActiveCfg = Debug|ARM
		{93628D69-C7A5-43E0-A6E7-AE920C666EB4}.DebugMDd|ARM.Build.0 = Debug|ARM
		{93628D69-C7A5-43E0-A6E7-AE920C666EB4}.DebugMDd|ARM64.ActiveCfg = Debug|ARM64
		{93628D69-C7A5-43E0-A6E7-AE920C666EB4}.DebugMDd|ARM64.Build.0 = Debug|ARM64
		{93628D69-C7A5-43E0-A6E7-AE920C666EB4}.DebugMDd|x64.ActiveCfg = Debug|x64
		{93628D69-C7A5-43E0-A6E7-AE920C666EB4}.DebugMDd|x64.Build.0 = Debug|x64
		{93628D69-C7A5-43E0-A6E7-AE920C666EB4}.DebugMDd|x86.ActiveCfg = Debug|Win32
		{93628D69-C7A5-43E0-A6E7-AE920C666EB4}.DebugMDd|x86.Build.0 = Debug|Win32
		{93628D69-C7A5-43E0-A6E7-AE920C666EB4}.Release|ARM.ActiveCfg = Release|ARM
		{93628D69-C7A5-43E0-A6E7-AE920C666EB4}.Release|ARM.Build.0 = Release|ARM
		{93628D69-C7A5-43E0-A6E7-AE920C666EB4}.Release|ARM64.ActiveCfg = Release|ARM64
		{93628D69-C7A5-43E0-A6E7-AE920C666EB4}.Release|ARM64.Build.0 = Release|ARM64
		{93628D69-C7A5-43E0-A6E7-AE920C666EB4}.Release|x64.ActiveCfg = Release|x64
		{93628D69-C7A5-43E0-A6E7-AE920C666EB4}.Release|x64.Build.0 = Release|x64
		{93628D69-C7A5-43E0-A6E7-AE920C666EB4}.Release|x86.ActiveCfg = Release|Win32
		{93628D69-C7A5-43E0-A6E7-AE920C666EB4}.Release|x86.Build.0 = Release|Win32
		{93628D69-C7A5-43E0-A6E7-AE920C666EB4}.ReleaseMD|ARM.ActiveCfg = Release|ARM
		{93628D69-C7A5-43E0-A6E7-AE920C666EB4}.ReleaseMD|ARM.Build.0 = Release|ARM
		{93628D69-C7A5-43E0-A6E7-AE920C666EB4}.ReleaseMD|ARM64.ActiveCfg = Release|ARM64
		{93628D69-C7A5-43E0-A6E7-AE920C666EB4}.ReleaseMD|ARM64.Build.0 = Release|ARM64
		{93628D69-C7A5-43E0-A6E7-AE920C666EB4}.ReleaseMD|x64.ActiveCfg = Release|x64
		{93628D69-C7A5-43E0-A6E7-AE920C666EB4}.ReleaseMD|x64.Build.0 = Release|x64
		{93628D69-C7A5-43E0-A6E7-AE920C666EB4}.ReleaseMD|x86.ActiveCfg = Release|Win32
		{93628D69-C7A5-43E0-A6E7-AE920C666EB4}.ReleaseMD|x86.Build.0 = Release|Win32
	EndGlobalSection
	GlobalSection(SolutionProperties) = preSolution
		HideSolutionNode = FALSE
	EndGlobalSection
	GlobalSection(NestedProjects) = preSolution
		{37489709-8054-4903-9C49-A79846049FC9} = {243DBE8A-7A46-42B5-9FEC-A8E7CB67CE81}
		{C4B41A92-2F30-4E8D-8F44-1A82F5C6A7F9} = {BF759166-26A8-4B46-8423-8091158F2EA5}
		{DD076E76-174E-414F-A47F-01CC84E3FC80} = {BF759166-26A8-4B46-8423-8091158F2EA5}
		{B7848E35-3881-44CC-89B9-C14D32B2BC42} = {BF759166-26A8-4B46-8423-8091158F2EA5}
		{F9420BF5-A0E3-41C4-8EB0-DB81A54CF6D8} = {BF759166-26A8-4B46-8423-8091158F2EA5}
		{94127830-3A6C-4861-BBD2-20C0D289802D} = {BF759166-26A8-4B46-8423-8091158F2EA5}
		{A67D1CEC-9F56-4D53-97C2-88BADEDDB22D} = {BF759166-26A8-4B46-8423-8091158F2EA5}
		{61147792-3E17-4013-B289-8F7D99BA510F} = {BF759166-26A8-4B46-8423-8091158F2EA5}
		{4EFBB336-7E24-4AA2-B02F-6C014F5BB7E7} = {BF759166-26A8-4B46-8423-8091158F2EA5}
		{A89A1631-2013-4642-B8A1-7AFE05D5A46B} = {BF759166-26A8-4B46-8423-8091158F2EA5}
		{93628D69-C7A5-43E0-A6E7-AE920C666EB4} = {BF759166-26A8-4B46-8423-8091158F2EA5}
	EndGlobalSection
	GlobalSection(ExtensibilityGlobals) = postSolution
		SolutionGuid = {30EA489C-CFA4-4816-BE12-8BCE129039C5}
	EndGlobalSection
EndGlobal
