Microsoft Visual Studio Solution File, Format Version 12.00
# Visual Studio Version 17
VisualStudioVersion = 17.11.35222.181
MinimumVisualStudioVersion = 10.0.40219.1
Project("{8BC9CEB8-8B4A-11D0-8D11-00A0C91BC942}") = "kernelx", "dlls\kernelx\kernelx.vcxproj", "{94127830-3A6C-4861-BBD2-20C0D289802D}"
	ProjectSection(ProjectDependencies) = postProject
		{37489709-8054-4903-9C49-A79846049FC9} = {37489709-8054-4903-9C49-A79846049FC9}
	EndProjectSection
EndProject
Project("{2150E333-8FDC-42A3-9474-1A3956D46DE8}") = "dlls", "dlls", "{A46DB9F5-4A23-41CA-98CA-A5DE9DDF012A}"
EndProject
Project("{8BC9CEB8-8B4A-11D0-8D11-00A0C91BC942}") = "d3d12_x", "dlls\d3d12_x\d3d12_x.vcxproj", "{B7848E35-3881-44CC-89B9-C14D32B2BC42}"
EndProject
Project("{8BC9CEB8-8B4A-11D0-8D11-00A0C91BC942}") = "ntdll", "dlls\ntdll\ntdll.vcxproj", "{7639E4A9-40B7-4709-864A-72A1879AADED}"
EndProject
Project("{8BC9CEB8-8B4A-11D0-8D11-00A0C91BC942}") = "etwplus", "dlls\etwplus\etwplus.vcxproj", "{F9420BF5-A0E3-41C4-8EB0-DB81A54CF6D8}"
EndProject
Project("{8BC9CEB8-8B4A-11D0-8D11-00A0C91BC942}") = "xg_x", "dlls\xg_x\xg_x.vcxproj", "{F58FABA6-C92B-4D45-8F05-51A3430D2625}"
EndProject
Project("{2150E333-8FDC-42A3-9474-1A3956D46DE8}") = "apps", "apps", "{240ACC56-C364-4337-B2C1-D607979FBEA3}"
EndProject
Project("{C7167F0D-BC9F-4E6E-AFE1-012C56B48DB5}") = "WinDurango (Package)", "apps\WinDurango\WinDurango (Package)\WinDurango (Package).wapproj", "{C0273DA4-2B16-4A10-B229-6113D4408741}"
EndProject
Project("{9A19103F-16F7-4668-BE54-9A1E7A4F7556}") = "WinDurango", "apps\WinDurango\WinDurango\WinDurango.csproj", "{41492CBB-4C65-4E00-AC8B-69E89EFC8AC4}"
EndProject
Project("{8BC9CEB8-8B4A-11D0-8D11-00A0C91BC942}") = "appmodel", "dlls\appmodel\appmodel.vcxproj", "{C4B41A92-2F30-4E8D-8F44-1A82F5C6A7F9}"
EndProject
Project("{8BC9CEB8-8B4A-11D0-8D11-00A0C91BC942}") = "d3d11_x", "dlls\d3d11_x\d3d11_x.vcxproj", "{DD076E76-174E-414F-A47F-01CC84E3FC80}"
EndProject
Project("{2150E333-8FDC-42A3-9474-1A3956D46DE8}") = "thridparty", "thridparty", "{097A8A65-AD91-432A-9AF2-58F588E51597}"
EndProject
Project("{8BC9CEB8-8B4A-11D0-8D11-00A0C91BC942}") = "Detours", "thirdparty\Detours\vc\Detours.vcxproj", "{37489709-8054-4903-9C49-A79846049FC9}"
EndProject
Global
	GlobalSection(SolutionConfigurationPlatforms) = preSolution
		Debug|x64 = Debug|x64
		DebugMDd|x64 = DebugMDd|x64
		Release|x64 = Release|x64
		ReleaseMD|x64 = ReleaseMD|x64
	EndGlobalSection
	GlobalSection(ProjectConfigurationPlatforms) = postSolution
		{94127830-3A6C-4861-BBD2-20C0D289802D}.Debug|x64.ActiveCfg = Debug|x64
		{94127830-3A6C-4861-BBD2-20C0D289802D}.Debug|x64.Build.0 = Debug|x64
		{94127830-3A6C-4861-BBD2-20C0D289802D}.DebugMDd|x64.ActiveCfg = Debug|x64
		{94127830-3A6C-4861-BBD2-20C0D289802D}.DebugMDd|x64.Build.0 = Debug|x64
		{94127830-3A6C-4861-BBD2-20C0D289802D}.Release|x64.ActiveCfg = Release|x64
		{94127830-3A6C-4861-BBD2-20C0D289802D}.Release|x64.Build.0 = Release|x64
		{94127830-3A6C-4861-BBD2-20C0D289802D}.ReleaseMD|x64.ActiveCfg = Release|x64
		{94127830-3A6C-4861-BBD2-20C0D289802D}.ReleaseMD|x64.Build.0 = Release|x64
		{B7848E35-3881-44CC-89B9-C14D32B2BC42}.Debug|x64.ActiveCfg = Debug|x64
		{B7848E35-3881-44CC-89B9-C14D32B2BC42}.Debug|x64.Build.0 = Debug|x64
		{B7848E35-3881-44CC-89B9-C14D32B2BC42}.DebugMDd|x64.ActiveCfg = Debug|x64
		{B7848E35-3881-44CC-89B9-C14D32B2BC42}.DebugMDd|x64.Build.0 = Debug|x64
		{B7848E35-3881-44CC-89B9-C14D32B2BC42}.Release|x64.ActiveCfg = Release|x64
		{B7848E35-3881-44CC-89B9-C14D32B2BC42}.Release|x64.Build.0 = Release|x64
		{B7848E35-3881-44CC-89B9-C14D32B2BC42}.ReleaseMD|x64.ActiveCfg = Release|x64
		{B7848E35-3881-44CC-89B9-C14D32B2BC42}.ReleaseMD|x64.Build.0 = Release|x64
		{7639E4A9-40B7-4709-864A-72A1879AADED}.Debug|x64.ActiveCfg = Debug|x64
		{7639E4A9-40B7-4709-864A-72A1879AADED}.Debug|x64.Build.0 = Debug|x64
		{7639E4A9-40B7-4709-864A-72A1879AADED}.DebugMDd|x64.ActiveCfg = Debug|x64
		{7639E4A9-40B7-4709-864A-72A1879AADED}.DebugMDd|x64.Build.0 = Debug|x64
		{7639E4A9-40B7-4709-864A-72A1879AADED}.Release|x64.ActiveCfg = Release|x64
		{7639E4A9-40B7-4709-864A-72A1879AADED}.Release|x64.Build.0 = Release|x64
		{7639E4A9-40B7-4709-864A-72A1879AADED}.ReleaseMD|x64.ActiveCfg = Release|x64
		{7639E4A9-40B7-4709-864A-72A1879AADED}.ReleaseMD|x64.Build.0 = Release|x64
		{F9420BF5-A0E3-41C4-8EB0-DB81A54CF6D8}.Debug|x64.ActiveCfg = Debug|x64
		{F9420BF5-A0E3-41C4-8EB0-DB81A54CF6D8}.Debug|x64.Build.0 = Debug|x64
		{F9420BF5-A0E3-41C4-8EB0-DB81A54CF6D8}.DebugMDd|x64.ActiveCfg = Debug|x64
		{F9420BF5-A0E3-41C4-8EB0-DB81A54CF6D8}.DebugMDd|x64.Build.0 = Debug|x64
		{F9420BF5-A0E3-41C4-8EB0-DB81A54CF6D8}.Release|x64.ActiveCfg = Release|x64
		{F9420BF5-A0E3-41C4-8EB0-DB81A54CF6D8}.Release|x64.Build.0 = Release|x64
		{F9420BF5-A0E3-41C4-8EB0-DB81A54CF6D8}.ReleaseMD|x64.ActiveCfg = Release|x64
		{F9420BF5-A0E3-41C4-8EB0-DB81A54CF6D8}.ReleaseMD|x64.Build.0 = Release|x64
		{F58FABA6-C92B-4D45-8F05-51A3430D2625}.Debug|x64.ActiveCfg = Debug|x64
		{F58FABA6-C92B-4D45-8F05-51A3430D2625}.Debug|x64.Build.0 = Debug|x64
		{F58FABA6-C92B-4D45-8F05-51A3430D2625}.DebugMDd|x64.ActiveCfg = Debug|x64
		{F58FABA6-C92B-4D45-8F05-51A3430D2625}.DebugMDd|x64.Build.0 = Debug|x64
		{F58FABA6-C92B-4D45-8F05-51A3430D2625}.Release|x64.ActiveCfg = Release|x64
		{F58FABA6-C92B-4D45-8F05-51A3430D2625}.Release|x64.Build.0 = Release|x64
		{F58FABA6-C92B-4D45-8F05-51A3430D2625}.ReleaseMD|x64.ActiveCfg = Release|x64
		{F58FABA6-C92B-4D45-8F05-51A3430D2625}.ReleaseMD|x64.Build.0 = Release|x64
		{C0273DA4-2B16-4A10-B229-6113D4408741}.Debug|x64.ActiveCfg = Debug|x64
		{C0273DA4-2B16-4A10-B229-6113D4408741}.Debug|x64.Build.0 = Debug|x64
		{C0273DA4-2B16-4A10-B229-6113D4408741}.Debug|x64.Deploy.0 = Debug|x64
		{C0273DA4-2B16-4A10-B229-6113D4408741}.DebugMDd|x64.ActiveCfg = Debug|x64
		{C0273DA4-2B16-4A10-B229-6113D4408741}.Release|x64.ActiveCfg = Release|x64
		{C0273DA4-2B16-4A10-B229-6113D4408741}.Release|x64.Build.0 = Release|x64
		{C0273DA4-2B16-4A10-B229-6113D4408741}.Release|x64.Deploy.0 = Release|x64
		{C0273DA4-2B16-4A10-B229-6113D4408741}.ReleaseMD|x64.ActiveCfg = Release|x64
		{41492CBB-4C65-4E00-AC8B-69E89EFC8AC4}.Debug|x64.ActiveCfg = Debug|x64
		{41492CBB-4C65-4E00-AC8B-69E89EFC8AC4}.Debug|x64.Build.0 = Debug|x64
		{41492CBB-4C65-4E00-AC8B-69E89EFC8AC4}.DebugMDd|x64.ActiveCfg = Debug|x64
		{41492CBB-4C65-4E00-AC8B-69E89EFC8AC4}.Release|x64.ActiveCfg = Release|x64
		{41492CBB-4C65-4E00-AC8B-69E89EFC8AC4}.Release|x64.Build.0 = Release|x64
		{41492CBB-4C65-4E00-AC8B-69E89EFC8AC4}.ReleaseMD|x64.ActiveCfg = Release|x64
		{C4B41A92-2F30-4E8D-8F44-1A82F5C6A7F9}.Debug|x64.ActiveCfg = Debug|x64
		{C4B41A92-2F30-4E8D-8F44-1A82F5C6A7F9}.Debug|x64.Build.0 = Debug|x64
		{C4B41A92-2F30-4E8D-8F44-1A82F5C6A7F9}.DebugMDd|x64.ActiveCfg = Debug|x64
		{C4B41A92-2F30-4E8D-8F44-1A82F5C6A7F9}.DebugMDd|x64.Build.0 = Debug|x64
		{C4B41A92-2F30-4E8D-8F44-1A82F5C6A7F9}.Release|x64.ActiveCfg = Release|x64
		{C4B41A92-2F30-4E8D-8F44-1A82F5C6A7F9}.Release|x64.Build.0 = Release|x64
		{C4B41A92-2F30-4E8D-8F44-1A82F5C6A7F9}.Release|x86.ActiveCfg = Release|Win32
		{C4B41A92-2F30-4E8D-8F44-1A82F5C6A7F9}.Release|x86.Build.0 = Release|Win32
	EndGlobalSection
	GlobalSection(SolutionProperties) = preSolution
		HideSolutionNode = FALSE
	EndGlobalSection
	GlobalSection(NestedProjects) = preSolution
		{94127830-3A6C-4861-BBD2-20C0D289802D} = {A46DB9F5-4A23-41CA-98CA-A5DE9DDF012A}
		{B7848E35-3881-44CC-89B9-C14D32B2BC42} = {A46DB9F5-4A23-41CA-98CA-A5DE9DDF012A}
		{7639E4A9-40B7-4709-864A-72A1879AADED} = {A46DB9F5-4A23-41CA-98CA-A5DE9DDF012A}
		{8941C1F2-702A-45BE-88BF-DD90DEFE4334} = {A46DB9F5-4A23-41CA-98CA-A5DE9DDF012A}
		{F9420BF5-A0E3-41C4-8EB0-DB81A54CF6D8} = {A46DB9F5-4A23-41CA-98CA-A5DE9DDF012A}
		{F58FABA6-C92B-4D45-8F05-51A3430D2625} = {A46DB9F5-4A23-41CA-98CA-A5DE9DDF012A}
		{C0273DA4-2B16-4A10-B229-6113D4408741} = {240ACC56-C364-4337-B2C1-D607979FBEA3}
		{41492CBB-4C65-4E00-AC8B-69E89EFC8AC4} = {240ACC56-C364-4337-B2C1-D607979FBEA3}
		{C4B41A92-2F30-4E8D-8F44-1A82F5C6A7F9} = {A46DB9F5-4A23-41CA-98CA-A5DE9DDF012A}
	EndGlobalSection
	GlobalSection(ExtensibilityGlobals) = postSolution
		SolutionGuid = {19991728-E423-4D8D-9EF8-1311EFB03952}
	EndGlobalSection
EndGlobal
