<?xml version="1.0" encoding="utf-8"?>
<Project ToolsVersion="4.0" xmlns="http://schemas.microsoft.com/developer/msbuild/2003">
  <ItemGroup>
    <ClCompile Include="dllmain.cpp" />
    <ClCompile Include="kernelx.cpp" />
    <ClCompile Include="pch.cpp" />
    <ClCompile Include="CoreWindowWrapperX.cpp">
      <Filter>Windows.UI.Core</Filter>
    </ClCompile>
    <ClCompile Include="CoreApplicationWrapperX.cpp">
      <Filter>Windows.ApplicationModel.Core\CoreApplication</Filter>
    </ClCompile>
  </ItemGroup>
  <ItemGroup>
    <ClInclude Include="framework.h" />
    <ClInclude Include="kernelx.h" />
    <ClInclude Include="pch.h" />
    <ClInclude Include="ICoreWindowX.h">
      <Filter>Windows.UI.Core</Filter>
    </ClInclude>
    <ClInclude Include="CoreWindowWrapperX.h">
      <Filter>Windows.UI.Core</Filter>
    </ClInclude>
    <ClInclude Include="hooks.h" />
    <ClInclude Include="utils.h" />
    <ClInclude Include="ICoreApplicationX.h">
      <Filter>Windows.ApplicationModel.Core\CoreApplication</Filter>
    </ClInclude>
    <ClInclude Include="CoreApplicationWrapperX.h">
      <Filter>Windows.ApplicationModel.Core\CoreApplication</Filter>
    </ClInclude>
    <ClInclude Include="ICoreApplicationResourceAvailabilityX.h">
      <Filter>Windows.ApplicationModel.Core</Filter>
    </ClInclude>
  </ItemGroup>
  <ItemGroup>
    <None Include="Exports.def" />
    <None Include=".editorconfig" />
    <None Include="cpp.hint" />
  </ItemGroup>
  <ItemGroup>
    <Filter Include="Headers">
      <UniqueIdentifier>{1fd01865-5063-43f8-8e37-2d5b0dd81b88}</UniqueIdentifier>
    </Filter>
    <Filter Include="Windows.UI.Core">
      <UniqueIdentifier>{bb53c96d-38a7-46b6-bfc9-84fc5b33678e}</UniqueIdentifier>
    </Filter>
    <Filter Include="Windows.ApplicationModel.Core">
      <UniqueIdentifier>{22d419bf-d552-4ab7-a078-94a3d47e5051}</UniqueIdentifier>
    </Filter>
    <Filter Include="Windows.ApplicationModel.Core\CoreApplication">
      <UniqueIdentifier>{ee124397-8dbc-48c3-869f-10201a7d04fd}</UniqueIdentifier>
    </Filter>
  </ItemGroup>
</Project>